{"SurveyEntry":{"SurveyID":"SV_6DuV16DdJDueqjQ","SurveyName":"experiment2Fixed","SurveyDescription":null,"SurveyOwnerID":"UR_5zn7kW6SIdLsmq1","SurveyBrandID":"cornell","DivisionID":null,"SurveyLanguage":"EN","SurveyActiveResponseSet":"RS_eg4S7Utysg62nR4","SurveyStatus":"Active","SurveyStartDate":"0000-00-00 00:00:00","SurveyExpirationDate":"0000-00-00 00:00:00","SurveyCreationDate":"2025-08-05 20:39:07","CreatorID":"UR_5zn7kW6SIdLsmq1","LastModified":"2025-10-19 13:11:31","LastAccessed":"0000-00-00 00:00:00","LastActivated":"2025-08-05 20:39:55","Deleted":null},"SurveyElements":[{"SurveyID":"SV_6DuV16DdJDueqjQ","Element":"BL","PrimaryAttribute":"Survey Blocks","SecondaryAttribute":null,"TertiaryAttribute":null,"Payload":{"1":{"Type":"Trash","Description":"Trash \/ Unused Questions","ID":"BL_6Yk8IBvDdQnz2O9","BlockElements":[],"Options":{"BlockLocking":"false","RandomizeQuestions":"false","BlockVisibility":"Expanded"}},"13":{"Type":"Standard","SubType":"","Description":"Consent form","ID":"BL_40VPKPxSse0ZNrL","BlockElements":[{"Type":"Question","QuestionID":"QID33","SkipLogic":[{"SkipLogicID":5,"ChoiceLocator":"q:\/\/QID33\/SelectableChoice\/2","Condition":"Selected","SkipToDestination":"ENDOFSURVEY","Locator":"q:\/\/QID33\/SelectableChoice\/2","SkipToDescription":"<p><strong><u><span style=\"... <strong>I do not consent, I do not ...<\/strong>  <strong>Is Selected<\/strong>","Description":"Condition: <strong title=\"I do not consent, I do not wish to participate\">I do not consent, I do not ...<\/strong> <strong>Is Selected<\/strong>. Skip To: <strong>End of Survey<\/strong>.","QuestionID":"QID33"}]},{"Type":"Page Break"},{"Type":"Question","QuestionID":"QID254"}],"Options":{"BlockLocking":"false","RandomizeQuestions":"false","BlockVisibility":"Expanded"}},"79":{"Type":"Standard","SubType":"","Description":"heronsW","ID":"BL_bORluvLuooSVFX0","BlockElements":[{"Type":"Question","QuestionID":"QID523"}],"Options":{"BlockLocking":"false","RandomizeQuestions":"false","BlockVisibility":"Expanded"}},"80":{"Type":"Standard","SubType":"","Description":"wolvesW","ID":"BL_0JrLfo4AozaB0mq","BlockElements":[{"Type":"Question","QuestionID":"QID531"}],"Options":{"BlockLocking":"false","RandomizeQuestions":"false","BlockVisibility":"Expanded"}},"81":{"Type":"Standard","SubType":"","Description":"polarbearW","ID":"BL_3DfCcZuOEtioevc","BlockElements":[{"Type":"Question","QuestionID":"QID532"}],"Options":{"BlockLocking":"false","RandomizeQuestions":"false","BlockVisibility":"Expanded"}},"82":{"Type":"Standard","SubType":"","Description":"HeronsB","ID":"BL_2sKH9TqdIX2C9X8","BlockElements":[{"Type":"Question","QuestionID":"QID533"}],"Options":{"BlockLocking":"false","RandomizeQuestions":"false","BlockVisibility":"Expanded"}},"83":{"Type":"Standard","SubType":"","Description":"WolvesB","ID":"BL_6QNwWonipAgfxbg","BlockElements":[{"Type":"Question","QuestionID":"QID534"}],"Options":{"BlockLocking":"false","RandomizeQuestions":"false","BlockVisibility":"Expanded"}},"84":{"Type":"Standard","SubType":"","Description":"RabbitsB","ID":"BL_29u270sW2ezoLaK","BlockElements":[{"Type":"Question","QuestionID":"QID535"}],"Options":{"BlockLocking":"false","RandomizeQuestions":"false","BlockVisibility":"Expanded"}},"85":{"Type":"Standard","SubType":"","Description":"PolarbearB","ID":"BL_4Is12O8JSgFRtd4","BlockElements":[{"Type":"Question","QuestionID":"QID539"}],"Options":{"BlockLocking":false,"RandomizeQuestions":"false","BlockVisibility":"Expanded"}},"86":{"Type":"Standard","SubType":"","Description":"RabbitW","ID":"BL_6Rrbc0l1a7mUTNc","BlockElements":[{"Type":"Question","QuestionID":"QID540"}],"Options":{"BlockLocking":"false","RandomizeQuestions":"false","BlockVisibility":"Expanded"}},"90":{"Type":"Standard","SubType":"","Description":"DemographicswRace","ID":"BL_3NMHTd2UbLGjd1I","BlockElements":[{"Type":"Question","QuestionID":"QID1719895852"},{"Type":"Question","QuestionID":"QID1719895853"},{"Type":"Question","QuestionID":"QID1719895854"}],"Options":{"BlockLocking":false,"RandomizeQuestions":"false","BlockVisibility":"Expanded"}},"91":{"Type":"Standard","SubType":"","Description":"intro","ID":"BL_8pnJV3Kdsbub0sm","BlockElements":[{"Type":"Question","QuestionID":"QID546"}],"Options":{"BlockLocking":"false","RandomizeQuestions":"false","BlockVisibility":"Expanded"}}}},{"SurveyID":"SV_6DuV16DdJDueqjQ","Element":"FL","PrimaryAttribute":"Survey Flow","SecondaryAttribute":null,"TertiaryAttribute":null,"Payload":{"Type":"Root","FlowID":"FL_1","Flow":[{"Type":"Block","ID":"BL_40VPKPxSse0ZNrL","FlowID":"FL_2","Autofill":[]},{"ID":"BL_8pnJV3Kdsbub0sm","Type":"Standard","FlowID":"FL_28"},{"Type":"BlockRandomizer","FlowID":"FL_3","SubSet":1,"EvenPresentation":true,"Flow":[{"Type":"EmbeddedData","FlowID":"FL_26","EmbeddedData":[{"Description":"Condition","Type":"Custom","Field":"Condition","VariableType":"String","DataVisibility":[],"AnalyzeText":false,"Value":"Between"}]},{"Type":"EmbeddedData","FlowID":"FL_27","EmbeddedData":[{"Description":"Condition","Type":"Custom","Field":"Condition","VariableType":"String","DataVisibility":[],"AnalyzeText":false,"Value":"Within"}]}]},{"Type":"Branch","FlowID":"FL_4","Description":"New Branch","BranchLogic":{"0":{"0":{"LogicType":"EmbeddedField","LeftOperand":"Condition","Operator":"EqualTo","RightOperand":"Within","_HiddenExpression":false,"Type":"Expression","Description":"<span class=\"ConjDesc\">If<\/span> <span class=\"LeftOpDesc\">Condition<\/span> <span class=\"OpDesc\">Is Equal to<\/span> <span class=\"RightOpDesc\"> Within <\/span>"},"Type":"If"},"Type":"BooleanExpression"},"Flow":[{"Type":"BlockRandomizer","FlowID":"FL_19","SubSet":4,"Flow":[{"Type":"Standard","ID":"BL_bORluvLuooSVFX0","FlowID":"FL_20","Autofill":[]},{"Type":"Standard","ID":"BL_3DfCcZuOEtioevc","FlowID":"FL_21","Autofill":[]},{"Type":"Standard","ID":"BL_6Rrbc0l1a7mUTNc","FlowID":"FL_23","Autofill":[]},{"Type":"Standard","ID":"BL_0JrLfo4AozaB0mq","FlowID":"FL_24","Autofill":[]}]}]},{"Type":"Branch","FlowID":"FL_5","Description":"New Branch","BranchLogic":{"0":{"0":{"LogicType":"EmbeddedField","LeftOperand":"Condition","Operator":"EqualTo","RightOperand":"Between","_HiddenExpression":false,"Type":"Expression","Description":"<span class=\"ConjDesc\">If<\/span> <span class=\"LeftOpDesc\">Condition<\/span> <span class=\"OpDesc\">Is Equal to<\/span> <span class=\"RightOpDesc\"> Between <\/span>"},"Type":"If"},"Type":"BooleanExpression"},"Flow":[{"Type":"BlockRandomizer","FlowID":"FL_12","SubSet":4,"Flow":[{"Type":"Standard","ID":"BL_2sKH9TqdIX2C9X8","FlowID":"FL_13","Autofill":[]},{"Type":"Standard","ID":"BL_4Is12O8JSgFRtd4","FlowID":"FL_14","Autofill":[]},{"Type":"Standard","ID":"BL_29u270sW2ezoLaK","FlowID":"FL_16","Autofill":[]},{"Type":"Standard","ID":"BL_6QNwWonipAgfxbg","FlowID":"FL_17","Autofill":[]}]}]},{"Type":"Standard","ID":"BL_3NMHTd2UbLGjd1I","FlowID":"FL_11","Autofill":[]},{"Type":"EndSurvey","FlowID":"FL_9","EndingType":"Advanced","Options":{"Advanced":"true","SurveyTermination":"Redirect","EOSRedirectURL":"https:\/\/app.prolific.co\/submissions\/complete?cc=843D0C17"}}],"Properties":{"Count":28}}},{"SurveyID":"SV_6DuV16DdJDueqjQ","Element":"PL","PrimaryAttribute":"Preview Link","SecondaryAttribute":null,"TertiaryAttribute":null,"Payload":{"PreviewType":"Brand","PreviewID":"6cad80af-8905-49b7-939e-18cee7f2ea42"}},{"SurveyID":"SV_6DuV16DdJDueqjQ","Element":"PROJ","PrimaryAttribute":"CORE","SecondaryAttribute":null,"TertiaryAttribute":"1.1.0","Payload":{"ProjectCategory":"CORE","SchemaVersion":"1.1.0"}},{"SurveyID":"SV_6DuV16DdJDueqjQ","Element":"QC","PrimaryAttribute":"Survey Question Count","SecondaryAttribute":"546","TertiaryAttribute":null,"Payload":null},{"SurveyID":"SV_6DuV16DdJDueqjQ","Element":"RS","PrimaryAttribute":"RS_eg4S7Utysg62nR4","SecondaryAttribute":null,"TertiaryAttribute":null,"Payload":null},{"SurveyID":"SV_6DuV16DdJDueqjQ","Element":"SCO","PrimaryAttribute":"Scoring","SecondaryAttribute":null,"TertiaryAttribute":null,"Payload":{"ScoringCategories":[],"ScoringCategoryGroups":[],"ScoringSummaryCategory":null,"ScoringSummaryAfterQuestions":0,"ScoringSummaryAfterSurvey":0,"DefaultScoringCategory":null,"AutoScoringCategory":null}},{"SurveyID":"SV_6DuV16DdJDueqjQ","Element":"SO","PrimaryAttribute":"Survey Options","SecondaryAttribute":null,"TertiaryAttribute":null,"Payload":{"BackButton":"false","SaveAndContinue":"true","SurveyProtection":"PublicSurvey","BallotBoxStuffingPrevention":"false","NoIndex":"Yes","SecureResponseFiles":"true","SurveyExpiration":null,"SurveyTermination":"DefaultMessage","Header":"","Footer":"","ProgressBarDisplay":"None","PartialData":"+1 week","ValidationMessage":null,"PreviousButton":" \u2190 ","NextButton":" \u2192 ","SkinLibrary":"cornell","SkinType":"MQ","Skin":"skin1_update","NewScoring":1,"SurveyTitle":"Online Survey Software | Qualtrics Survey Solutions","EOSMessage":"","ShowExportTags":"false","CollectGeoLocation":"false","SurveyMetaDescription":"The most powerful, simple and trusted way to gather experience data. Start your journey to experience management and try a free account today.","PasswordProtection":"No","AnonymizeResponse":"No","Password":"","RefererCheck":"No","RefererURL":"http:\/\/","BallotBoxStuffingPreventionBehavior":null,"BallotBoxStuffingPreventionMessage":null,"BallotBoxStuffingPreventionMessageLibrary":null,"BallotBoxStuffingPreventionURL":null,"RecaptchaV3":"false","ConfirmStart":false,"AutoConfirmStart":false,"UseCustomSurveyLinkCompletedMessage":null,"SurveyLinkCompletedMessage":"","SurveyLinkCompletedMessageLibrary":"","ResponseSummary":"No","EOSMessageLibrary":"","EOSRedirectURL":"https:\/\/app.prolific.co\/submissions\/complete?cc=843D0C17","EmailThankYou":"false","ThankYouEmailMessageLibrary":null,"ThankYouEmailMessage":null,"ValidateMessage":"false","ValidationMessageLibrary":null,"InactiveSurvey":"DefaultMessage","PartialDataCloseAfter":"LastActivity","ActiveResponseSet":null,"InactiveMessageLibrary":"","InactiveMessage":"","AvailableLanguages":{"EN":[]},"PartialDeletion":null,"ProtectSelectionIds":true}},{"SurveyID":"SV_6DuV16DdJDueqjQ","Element":"SQ","PrimaryAttribute":"QID1719895852","SecondaryAttribute":"Please indicate your sex.","TertiaryAttribute":null,"Payload":{"QuestionText":"Please indicate your sex.","QuestionType":"MC","Selector":"SAVR","SubSelector":"TX","DataVisibility":{"Private":false,"Hidden":false},"Configuration":{"QuestionDescriptionOption":"UseText"},"QuestionDescription":"Please indicate your sex.","Choices":{"1":{"Display":"Male"},"2":{"Display":"Female"},"3":{"Display":"Other \/ Prefer not to answer"}},"ChoiceOrder":[1,2,3],"Validation":{"Settings":{"ForceResponse":"ON","ForceResponseType":"ON"}},"RecodeValues":{"1":1,"2":2,"3":3},"Language":[],"NextChoiceId":4,"NextAnswerId":1,"QuestionText_Unsafe":"Please indicate your sex.","DataExportTag":"sex","QuestionID":"QID1719895852"}},{"SurveyID":"SV_6DuV16DdJDueqjQ","Element":"SQ","PrimaryAttribute":"QID1719895853","SecondaryAttribute":"Please indicate your age (in years)","TertiaryAttribute":null,"Payload":{"QuestionText":"Please indicate your age (in years)","DefaultChoices":false,"QuestionType":"TE","Selector":"SL","DataVisibility":{"Private":false,"Hidden":false},"Configuration":{"QuestionDescriptionOption":"UseText","InputWidth":82,"InputHeight":29},"QuestionDescription":"Please indicate your age (in years)","Validation":{"Settings":{"ForceResponse":"OFF","Type":"None"}},"GradingData":[],"Language":[],"NextChoiceId":84,"NextAnswerId":1,"SearchSource":{"AllowFreeResponse":"false"},"QuestionText_Unsafe":"Please indicate your age (in years)","DataExportTag":"age","QuestionID":"QID1719895853"}},{"SurveyID":"SV_6DuV16DdJDueqjQ","Element":"SQ","PrimaryAttribute":"QID1719895854","SecondaryAttribute":"What is your race\/ethnicity?","TertiaryAttribute":null,"Payload":{"QuestionText":"What is your race\/ethnicity?","QuestionType":"MC","Selector":"SAVR","SubSelector":"TX","DataVisibility":{"Private":false,"Hidden":false},"Configuration":{"QuestionDescriptionOption":"UseText"},"QuestionDescription":"What is your race\/ethnicity?","Choices":{"1":{"Display":"American Indian \/ Alaska Native"},"2":{"Display":"Asian \/ Asian-American"},"3":{"Display":"Black \/ African American"},"4":{"Display":"Native Hawaiian \/ Pacific Islander"},"5":{"Display":"White \/ European-American"},"6":{"Display":"Latino \/ Hispanic"},"7":{"Display":"Other \/ Prefer not to answer"}},"ChoiceOrder":[1,2,3,4,5,6,"7"],"Validation":{"Settings":{"ForceResponse":"ON","ForceResponseType":"ON"}},"Language":[],"NextChoiceId":8,"NextAnswerId":1,"QuestionText_Unsafe":"What is your race\/ethnicity?","DataExportTag":"race","QuestionID":"QID1719895854"}},{"SurveyID":"SV_6DuV16DdJDueqjQ","Element":"SQ","PrimaryAttribute":"QID254","SecondaryAttribute":"Please enter your Prolific ID:","TertiaryAttribute":null,"Payload":{"QuestionText":"Please enter your Prolific ID:","DefaultChoices":false,"DataExportTag":"prolific_id","QuestionType":"TE","Selector":"SL","Configuration":{"QuestionDescriptionOption":"UseText","InputWidth":202,"InputHeight":29},"QuestionDescription":"Please enter your Prolific ID:","Validation":{"Settings":{"ForceResponse":"RequestResponse","ForceResponseType":"RequestResponse","Type":"None"}},"GradingData":[],"Language":[],"NextChoiceId":4,"NextAnswerId":1,"SearchSource":{"AllowFreeResponse":"false"},"QuestionID":"QID254","DataVisibility":{"Private":false,"Hidden":false}}},{"SurveyID":"SV_6DuV16DdJDueqjQ","Element":"SQ","PrimaryAttribute":"QID33","SecondaryAttribute":"CONSENT FORM \u00a0 Thank you for agreeing to take part in this study. We appreciate your time and eff..","TertiaryAttribute":null,"Payload":{"QuestionText":"<p><strong><u><span style=\"font-family: Helvetica, sans-serif;\">CONSENT FORM<\/span><\/u><\/strong><\/p>\n\n<p><span style=\"font-size: 11.5pt; font-family: Helvetica, sans-serif;\">&nbsp;<\/span><\/p>\n\n<p><span style=\"font-family: Calibri, sans-serif;\">Thank you for agreeing to take part in this study. We appreciate your time and effort. In this study, we will present you with a fictional scenario, and then we will ask you to answer a brief series of questions about that scenario. The questions have no right or wrong answers-- we\u2019re just exploring features of human psychology in this research. You will be paid $0.80 for your time and efforts. We do not anticipate any risks from participating in this research.&nbsp;While you will not directly benefit from taking part in this research study, we hope society and the scientific community will benefit from the knowledge gained&nbsp;about human psychology and judgment.<\/span><\/p>\n\n<p><span style=\"font-family: Calibri, sans-serif;\">&nbsp;<\/span><\/p>\n\n<p><span style=\"font-family: Calibri, sans-serif;\">Your involvement should take about 4<strong><span style=\"font-family:&quot;Calibri&quot;,sans-serif;mso-ascii-theme-font:minor-latin;\nmso-hansi-theme-font:minor-latin;mso-bidi-theme-font:minor-latin\">&nbsp;<\/span><\/strong>minutes. Your participation is voluntary and you can stop at any time. If you consent to take part in this survey, please indicate so below, and then click the arrow to advance. If not, simply close your browser window.&nbsp;<\/span><\/p>\n\n<p><span style=\"font-family: Calibri, sans-serif;\">&nbsp;<\/span><\/p>\n\n<p><span style=\"font-family: Calibri, sans-serif;\">The research data will be collected anonymously. We will not ask you to provide any personally identifiable information (such as an email-address, name, etc.) and will not be able to link your response to you.&nbsp;We anticipate that your participation in this survey presents no greater risk than everyday use of the Internet.&nbsp;Of course, please note that there is always the possible risk of intrusion by outside agents (i.e. hacking) whenever information shared over the Internet. In order to keep your identifying information and data from this study separate, we will host the survey on an unaffiliated platform, Qualtrics. Thus, Prolific will&nbsp;<strong>not<\/strong>&nbsp;have access to the data you provide us. Additionally, we will not ask for directly or indirectly identifiable information in the survey.&nbsp;<\/span><\/p>\n\n<p><span style=\"font-family: Calibri, sans-serif;\">&nbsp;<\/span><\/p>\n\n<p><span style=\"font-family: Calibri, sans-serif;\">If you have any questions about the research study, please contact Shaun Nichols (<\/span><span style=\"font-family:&quot;Calibri&quot;,sans-serif;mso-ascii-theme-font:minor-latin;\nmso-hansi-theme-font:minor-latin;mso-bidi-theme-font:minor-latin\">sbn44@cornell.edu<\/span><span style=\"font-family: Calibri, sans-serif;\">) at Cornell University. If you have any questions or concerns regarding your rights as a subject in this study, you may contact the Institutional Review Board (IRB) for Human Participants at 607-255-5138 or access their website at&nbsp;http:\/\/www.irb.cornell.edu. You may also report your concerns or complaints anonymously through Ethicspoint online at&nbsp;www.hotline.cornell.edu&nbsp;or by calling toll free at 1-866-293-3077. Ethicspoint is an independent organization that serves as a liaison between the University and the person bringing the complaint so that anonymity can be ensured.<\/span><\/p>\n\n<p><span style=\"font-family: Calibri, sans-serif;\">&nbsp;<\/span><\/p><p><span style=\"font-family: Calibri, sans-serif;\">Taking part in this study is voluntary. You can stop at any time. Withdrawal or refusal to participate will not result in any penalty. You do not waive any legal rights or release any agent from liability for negligence by consenting to participate.&nbsp;<\/span><\/p><p><span style=\"font-family: Calibri, sans-serif;\"><br><\/span><\/p><p><span style=\"font-family: Calibri, sans-serif;\">If you consent to take part in this survey, please indicate so below:<\/span><\/p>","DefaultChoices":false,"DataExportTag":"consent","QuestionType":"MC","Selector":"SAVR","SubSelector":"TX","DataVisibility":{"Private":false,"Hidden":false},"Configuration":{"QuestionDescriptionOption":"UseText"},"QuestionDescription":"CONSENT FORM \u00a0 Thank you for agreeing to take part in this study. We appreciate your time and eff...","Choices":{"1":{"Display":"I consent, begin the study"},"2":{"Display":"I do not consent, I do not wish to participate"}},"ChoiceOrder":[1,2],"Validation":{"Settings":{"ForceResponse":"ON","ForceResponseType":"ON","Type":"None"}},"GradingData":[],"Language":[],"NextChoiceId":3,"NextAnswerId":1,"QuestionID":"QID33"}},{"SurveyID":"SV_6DuV16DdJDueqjQ","Element":"SQ","PrimaryAttribute":"QID523","SecondaryAttribute":"In a litter of herons, some chicks have larger beaks than others.\u00a0 What do you think explains why..","TertiaryAttribute":null,"Payload":{"QuestionText":"<div style=\"text-align: center;\">In a litter of herons, some chicks have larger beaks than others.&nbsp;<\/div>\n\n<div style=\"text-align: center;\">What do you think explains why some chicks in a litter have larger beaks than others?&nbsp;<\/div>","DefaultChoices":false,"QuestionType":"TE","Selector":"ML","DataVisibility":{"Private":false,"Hidden":false},"Configuration":{"QuestionDescriptionOption":"UseText"},"QuestionDescription":"In a litter of herons, some chicks have larger beaks than others.\u00a0 What do you think explains why...","Validation":{"Settings":{"ForceResponse":"ON","ForceResponseType":"ON","Type":"None"}},"GradingData":[],"Language":[],"NextChoiceId":4,"NextAnswerId":1,"SearchSource":{"AllowFreeResponse":"false"},"QuestionText_Unsafe":"<img style=\"width: 624px; height: 446px;\" src=\"https:\/\/stanforduniversity.qualtrics.com\/CP\/Graphic.php?IM=IM_bE1zGxZHF6GMj8G\"><br><br>This is a spotted zebra. What do you think the most important features are that make it a spotted zebra?&nbsp;<br>","DataExportTag":"herons_within","QuestionID":"QID523"}},{"SurveyID":"SV_6DuV16DdJDueqjQ","Element":"SQ","PrimaryAttribute":"QID531","SecondaryAttribute":"In a litter of wolves, some pups have sharper teeth than others.\u00a0 What do you think explains why...","TertiaryAttribute":null,"Payload":{"QuestionText":"<div style=\"text-align: center;\">In a litter of wolves, some pups have sharper teeth than others.&nbsp;<\/div>\n\n<div style=\"text-align: center;\">What do you think explains why some wolves have sharper teeth than others?<\/div>","DefaultChoices":false,"DataExportTag":"wolves_within","QuestionType":"TE","Selector":"ML","DataVisibility":{"Private":false,"Hidden":false},"Configuration":{"QuestionDescriptionOption":"UseText"},"QuestionDescription":"In a litter of wolves, some pups have sharper teeth than others.\u00a0 What do you think explains why...","Validation":{"Settings":{"ForceResponse":"ON","ForceResponseType":"ON","Type":"None"}},"GradingData":[],"Language":[],"NextChoiceId":4,"NextAnswerId":1,"SearchSource":{"AllowFreeResponse":"false"},"QuestionID":"QID531"}},{"SurveyID":"SV_6DuV16DdJDueqjQ","Element":"SQ","PrimaryAttribute":"QID532","SecondaryAttribute":"In a litter of polar bears, some cubs have whiter fur than others. What do you think explains why...","TertiaryAttribute":null,"Payload":{"QuestionText":"<div style=\"text-align: center;\">In a litter of polar bears, some cubs have whiter fur than others.<\/div>\n\n<div style=\"text-align: center;\">What do you think explains why some polar bears have whiter fur than others?<\/div>","DefaultChoices":false,"DataExportTag":"polarbear_within","QuestionType":"TE","Selector":"ML","DataVisibility":{"Private":false,"Hidden":false},"Configuration":{"QuestionDescriptionOption":"UseText"},"QuestionDescription":"In a litter of polar bears, some cubs have whiter fur than others. What do you think explains why...","Validation":{"Settings":{"ForceResponse":"ON","ForceResponseType":"ON","Type":"None"}},"GradingData":[],"Language":[],"NextChoiceId":4,"NextAnswerId":1,"SearchSource":{"AllowFreeResponse":"false"},"QuestionID":"QID532"}},{"SurveyID":"SV_6DuV16DdJDueqjQ","Element":"SQ","PrimaryAttribute":"QID533","SecondaryAttribute":"Herons have larger beaks than robins. What do you think explains why herons have larger beaks tha...","TertiaryAttribute":null,"Payload":{"QuestionText":"<div style=\"text-align: center;\">Herons have larger beaks than robins.<br \/>\nWhat do you think explains why herons have larger beaks than robins?<\/div>","DefaultChoices":false,"QuestionType":"TE","Selector":"ML","DataVisibility":{"Private":false,"Hidden":false},"Configuration":{"QuestionDescriptionOption":"UseText"},"QuestionDescription":"Herons have larger beaks than robins. What do you think explains why herons have larger beaks tha...","Validation":{"Settings":{"ForceResponse":"ON","ForceResponseType":"ON","Type":"None"}},"GradingData":[],"Language":[],"NextChoiceId":4,"NextAnswerId":1,"SearchSource":{"AllowFreeResponse":"false"},"QuestionText_Unsafe":"In a litter of robins, there is variation in the size of their beaks.&nbsp;<br>What do you think explains why some chicks in a litter would have different sized beaks than others?&nbsp;","DataExportTag":"herons_between","QuestionID":"QID533"}},{"SurveyID":"SV_6DuV16DdJDueqjQ","Element":"SQ","PrimaryAttribute":"QID534","SecondaryAttribute":"Wolves have sharper teeth than groundhogs.\u00a0\u00a0 What do you think explains why wolves have sharper t.","TertiaryAttribute":null,"Payload":{"QuestionText":"<div style=\"text-align: center;\">Wolves have sharper teeth than groundhogs.&nbsp;&nbsp;<\/div>\n\n<div style=\"text-align: center;\">What do you think explains why wolves have sharper teeth than groundhogs?<\/div>","DefaultChoices":false,"QuestionType":"TE","Selector":"ML","DataVisibility":{"Private":false,"Hidden":false},"Configuration":{"QuestionDescriptionOption":"UseText"},"QuestionDescription":"Wolves have sharper teeth than groundhogs.\u00a0\u00a0 What do you think explains why wolves have sharper t...","Validation":{"Settings":{"ForceResponse":"ON","ForceResponseType":"ON","Type":"None"}},"GradingData":[],"Language":[],"NextChoiceId":4,"NextAnswerId":1,"SearchSource":{"AllowFreeResponse":"false"},"QuestionText_Unsafe":"In a litter of rabbits, there is variation in the shape of their paws. <br>What do you think explains why some rabbits in a litter would have different shaped paws than others?","DataExportTag":"wolves_between","QuestionID":"QID534"}},{"SurveyID":"SV_6DuV16DdJDueqjQ","Element":"SQ","PrimaryAttribute":"QID535","SecondaryAttribute":"Rabbits have hairier toes than raccoons. What do you think explains why rabbits have hairier toes...","TertiaryAttribute":null,"Payload":{"QuestionText":"<div style=\"text-align: center;\">Rabbits have hairier toes than raccoons.<br \/>\nWhat do you think explains why rabbits have hairier toes than raccoons?<\/div>","DefaultChoices":false,"QuestionType":"TE","Selector":"ML","DataVisibility":{"Private":false,"Hidden":false},"Configuration":{"QuestionDescriptionOption":"UseText"},"QuestionDescription":"Rabbits have hairier toes than raccoons. What do you think explains why rabbits have hairier toes...","Validation":{"Settings":{"ForceResponse":"ON","ForceResponseType":"ON","Type":"None"}},"GradingData":[],"Language":[],"NextChoiceId":4,"NextAnswerId":1,"SearchSource":{"AllowFreeResponse":"false"},"QuestionText_Unsafe":"In a litter of squirrels, there is variation in the color of their fur. <br>What do you think explains why some squirrels in a litter would have different colored fur than others?","DataExportTag":"rabbits_between","QuestionID":"QID535"}},{"SurveyID":"SV_6DuV16DdJDueqjQ","Element":"SQ","PrimaryAttribute":"QID539","SecondaryAttribute":"Polar bears have whiter fur than grizzly bears.\u00a0 What do you think explains why polar bears have...","TertiaryAttribute":null,"Payload":{"QuestionText":"<div style=\"text-align: center;\">Polar bears have whiter fur than grizzly bears.&nbsp;<br \/>\nWhat do you think explains why polar bears have whiter fur than grizzly bears?<\/div>","DefaultChoices":false,"QuestionType":"TE","Selector":"ML","DataVisibility":{"Private":false,"Hidden":false},"Configuration":{"QuestionDescriptionOption":"UseText"},"QuestionDescription":"Polar bears have whiter fur than grizzly bears.\u00a0 What do you think explains why polar bears have...","Validation":{"Settings":{"ForceResponse":"ON","ForceResponseType":"ON","Type":"None"}},"GradingData":[],"Language":[],"NextChoiceId":4,"NextAnswerId":1,"SearchSource":{"AllowFreeResponse":"false"},"QuestionText_Unsafe":"Cardinals have redder feathers than finches.&nbsp;<br>What do you think explains why cardinals have redder feathers than finches?","DataExportTag":"polarbear_between","QuestionID":"QID539"}},{"SurveyID":"SV_6DuV16DdJDueqjQ","Element":"SQ","PrimaryAttribute":"QID540","SecondaryAttribute":"In a litter of rabbits, some babies have hairier toes than others. What do you think explains why...","TertiaryAttribute":null,"Payload":{"QuestionText":"<div style=\"text-align: center;\">In a litter of rabbits, some babies have hairier toes than others.<\/div>\n\n<div style=\"text-align: center;\">What do you think explains why some rabbits have hairier toes than others?<\/div>","DefaultChoices":false,"QuestionType":"TE","Selector":"ML","DataVisibility":{"Private":false,"Hidden":false},"Configuration":{"QuestionDescriptionOption":"UseText"},"QuestionDescription":"In a litter of rabbits, some babies have hairier toes than others. What do you think explains why...","Validation":{"Settings":{"ForceResponse":"ON","ForceResponseType":"ON","Type":"None"}},"GradingData":[],"Language":[],"NextChoiceId":4,"NextAnswerId":1,"SearchSource":{"AllowFreeResponse":"false"},"QuestionText_Unsafe":"Rabbits have hairier toes than raccoons.<br>What do you think explains why rabbits have hairier toes than raccoons?","DataExportTag":"rabbits_within","QuestionID":"QID540"}},{"SurveyID":"SV_6DuV16DdJDueqjQ","Element":"SQ","PrimaryAttribute":"QID546","SecondaryAttribute":"In this study, you will be asked about different animals and their features. When you are ready t...","TertiaryAttribute":null,"Payload":{"QuestionText":"<div style=\"text-align: center;\">In this study, you will be asked about different animals and their features. When you are ready to begin, please click next.<\/div>","DefaultChoices":false,"DataExportTag":"intro","QuestionType":"DB","Selector":"TB","DataVisibility":{"Private":false,"Hidden":false},"Configuration":{"QuestionDescriptionOption":"UseText"},"QuestionDescription":"In this study, you will be asked about different animals and their features. When you are ready t...","ChoiceOrder":[],"Validation":{"Settings":{"Type":"None"}},"GradingData":[],"Language":[],"NextChoiceId":4,"NextAnswerId":1,"QuestionID":"QID546"}},{"SurveyID":"SV_6DuV16DdJDueqjQ","Element":"STAT","PrimaryAttribute":"Survey Statistics","SecondaryAttribute":null,"TertiaryAttribute":null,"Payload":{"MobileCompatible":true,"ID":"Survey Statistics"}}]}