{"SurveyEntry":{"SurveyID":"SV_dhvYuvYTGrmaLWe","SurveyName":"exp3","SurveyDescription":null,"SurveyOwnerID":"UR_4HhUe2CPfgIhRnn","SurveyBrandID":"stanforduniversity","DivisionID":null,"SurveyLanguage":"EN","SurveyActiveResponseSet":"RS_bEkkHHgLaM0crz0","SurveyStatus":"Inactive","SurveyStartDate":"0000-00-00 00:00:00","SurveyExpirationDate":"0000-00-00 00:00:00","SurveyCreationDate":"2025-09-10 08:00:22","CreatorID":"UR_4HhUe2CPfgIhRnn","LastModified":"2025-09-11 07:28:24","LastAccessed":"0000-00-00 00:00:00","LastActivated":"0000-00-00 00:00:00","Deleted":null},"SurveyElements":[{"SurveyID":"SV_dhvYuvYTGrmaLWe","Element":"BL","PrimaryAttribute":"Survey Blocks","SecondaryAttribute":null,"TertiaryAttribute":null,"Payload":{"1":{"Type":"Trash","Description":"Trash \/ Unused Questions","ID":"BL_6Yk8IBvDdQnz2O9","BlockElements":[],"Options":{"BlockLocking":"false","RandomizeQuestions":"false","BlockVisibility":"Expanded"}},"13":{"Type":"Standard","SubType":"","Description":"Consent form","ID":"BL_40VPKPxSse0ZNrL","BlockElements":[{"Type":"Question","QuestionID":"QID33","SkipLogic":[{"SkipLogicID":5,"ChoiceLocator":"q:\/\/QID33\/SelectableChoice\/2","Condition":"Selected","SkipToDestination":"ENDOFSURVEY","Locator":"q:\/\/QID33\/SelectableChoice\/2","SkipToDescription":"<p><strong><u><span style=\"... <strong>I do not consent, I do not ...<\/strong>  <strong>Is Selected<\/strong>","Description":"Condition: <strong title=\"I do not consent, I do not wish to participate\">I do not consent, I do not ...<\/strong> <strong>Is Selected<\/strong>. Skip To: <strong>End of Survey<\/strong>.","QuestionID":"QID33"}]},{"Type":"Page Break"},{"Type":"Question","QuestionID":"QID254"}],"Options":{"BlockLocking":"false","RandomizeQuestions":"false","BlockVisibility":"Expanded"}},"73":{"Type":"Standard","SubType":"","Description":"Intro","ID":"BL_1QSD5MckWO5gdOC","BlockElements":[{"Type":"Question","QuestionID":"QID476"}],"Options":{"BlockLocking":"false","RandomizeQuestions":"false","BlockVisibility":"Expanded"}},"79":{"Type":"Standard","SubType":"","Description":"Valley","ID":"BL_23nrosxSLPBynzg","BlockElements":[{"Type":"Question","QuestionID":"QID491"},{"Type":"Question","QuestionID":"QID492"}],"Options":{"BlockLocking":"false","RandomizeQuestions":"false","BlockVisibility":"Expanded"}},"83":{"Type":"Standard","SubType":"","Description":"DemographicswRace","ID":"BL_0Ur3JkT4OJBFntY","BlockElements":[{"Type":"Question","QuestionID":"QID1719910665"},{"Type":"Question","QuestionID":"QID1719910666"},{"Type":"Question","QuestionID":"QID1719910667"}],"Options":{"BlockLocking":false,"RandomizeQuestions":"false","BlockVisibility":"Collapsed"}},"84":{"Type":"Standard","SubType":"","Description":"Mineral","ID":"BL_6fjSDbp6XtTucrI","BlockElements":[{"Type":"Question","QuestionID":"QID520"},{"Type":"Question","QuestionID":"QID521"}],"Options":{"BlockLocking":false,"RandomizeQuestions":"false","BlockVisibility":"Expanded"}},"85":{"Type":"Standard","SubType":"","Description":"Desert","ID":"BL_7NITI23koZxB2lw","BlockElements":[{"Type":"Question","QuestionID":"QID522"},{"Type":"Question","QuestionID":"QID523"}],"Options":{"BlockLocking":false,"RandomizeQuestions":"false","BlockVisibility":"Expanded"}},"86":{"Type":"Standard","SubType":"","Description":"River","ID":"BL_cCGe9bktlnl2yIS","BlockElements":[{"Type":"Question","QuestionID":"QID524"},{"Type":"Question","QuestionID":"QID525"}],"Options":{"BlockLocking":false,"RandomizeQuestions":"false","BlockVisibility":"Expanded"}},"87":{"Type":"Standard","SubType":"","Description":"Soil","ID":"BL_eyyeM6VA8B5ghtc","BlockElements":[{"Type":"Question","QuestionID":"QID526"},{"Type":"Question","QuestionID":"QID527"}],"Options":{"BlockLocking":false,"RandomizeQuestions":"false","BlockVisibility":"Expanded"}},"88":{"Type":"Standard","SubType":"","Description":"Platinum","ID":"BL_egQrvRFymPd76nA","BlockElements":[{"Type":"Question","QuestionID":"QID528"},{"Type":"Question","QuestionID":"QID529"}],"Options":{"BlockLocking":false,"RandomizeQuestions":"false","BlockVisibility":"Expanded"}},"89":{"Type":"Standard","SubType":"","Description":"Lead","ID":"BL_24BocTNb87hcTCC","BlockElements":[{"Type":"Question","QuestionID":"QID530"},{"Type":"Question","QuestionID":"QID531"}],"Options":{"BlockLocking":false,"RandomizeQuestions":"false","BlockVisibility":"Expanded"}},"90":{"Type":"Standard","SubType":"","Description":"Oxygen","ID":"BL_8oi1DdnI2Me9BVc","BlockElements":[{"Type":"Question","QuestionID":"QID532"},{"Type":"Question","QuestionID":"QID533"}],"Options":{"BlockLocking":false,"RandomizeQuestions":"false","BlockVisibility":"Expanded"}},"91":{"Type":"Standard","SubType":"","Description":"Dog","ID":"BL_5BmEO8v5JzTNfkG","BlockElements":[{"Type":"Question","QuestionID":"QID534"},{"Type":"Question","QuestionID":"QID535"}],"Options":{"BlockLocking":false,"RandomizeQuestions":"false","BlockVisibility":"Expanded"}},"92":{"Type":"Standard","SubType":"","Description":"Fly","ID":"BL_bPkGmdRvTgyYDTo","BlockElements":[{"Type":"Question","QuestionID":"QID536"},{"Type":"Question","QuestionID":"QID537"}],"Options":{"BlockLocking":false,"RandomizeQuestions":"false","BlockVisibility":"Expanded"}},"93":{"Type":"Standard","SubType":"","Description":"Snail","ID":"BL_0wj1xhNBmpuIgsu","BlockElements":[{"Type":"Question","QuestionID":"QID538"},{"Type":"Question","QuestionID":"QID539"}],"Options":{"BlockLocking":false,"RandomizeQuestions":"false","BlockVisibility":"Expanded"}},"94":{"Type":"Standard","SubType":"","Description":"Osprey","ID":"BL_4IXGi3XZWBR5SBM","BlockElements":[{"Type":"Question","QuestionID":"QID540"},{"Type":"Question","QuestionID":"QID541"}],"Options":{"BlockLocking":false,"RandomizeQuestions":"false","BlockVisibility":"Expanded"}},"95":{"Type":"Standard","SubType":"","Description":"Shark","ID":"BL_5AAXigeBQzcutSe","BlockElements":[{"Type":"Question","QuestionID":"QID542"},{"Type":"Question","QuestionID":"QID543"}],"Options":{"BlockLocking":false,"RandomizeQuestions":"false","BlockVisibility":"Expanded"}},"96":{"Type":"Standard","SubType":"","Description":"Coyote","ID":"BL_6Jclp4r0Trp8NgO","BlockElements":[{"Type":"Question","QuestionID":"QID544"},{"Type":"Question","QuestionID":"QID545"}],"Options":{"BlockLocking":false,"RandomizeQuestions":"false","BlockVisibility":"Expanded"}},"97":{"Type":"Standard","SubType":"","Description":"Bat","ID":"BL_9H3marAKH6IJyaW","BlockElements":[{"Type":"Question","QuestionID":"QID546"},{"Type":"Question","QuestionID":"QID547"}],"Options":{"BlockLocking":false,"RandomizeQuestions":"false","BlockVisibility":"Expanded"}},"98":{"Type":"Standard","SubType":"","Description":"Turkey","ID":"BL_9nwtxs6aOewKdkG","BlockElements":[{"Type":"Question","QuestionID":"QID548"},{"Type":"Question","QuestionID":"QID549"}],"Options":{"BlockLocking":false,"RandomizeQuestions":"false","BlockVisibility":"Expanded"}}}},{"SurveyID":"SV_dhvYuvYTGrmaLWe","Element":"FL","PrimaryAttribute":"Survey Flow","SecondaryAttribute":null,"TertiaryAttribute":null,"Payload":{"Type":"Root","FlowID":"FL_1","Flow":[{"Type":"Block","ID":"BL_40VPKPxSse0ZNrL","FlowID":"FL_2","Autofill":[]},{"Type":"Standard","ID":"BL_1QSD5MckWO5gdOC","FlowID":"FL_3","Autofill":[]},{"Type":"BlockRandomizer","FlowID":"FL_30","SubSet":2,"EvenPresentation":true,"Flow":[{"Type":"EmbeddedData","FlowID":"FL_31","EmbeddedData":[{"Description":"Condition","Type":"Custom","Field":"Condition","VariableType":"String","DataVisibility":[],"AnalyzeText":false,"Value":"Chem"},{"Description":"Create New Field or Choose From Dropdown...","Type":"Recipient","Field":"Create New Field or Choose From Dropdown...","VariableType":"String","DataVisibility":[],"AnalyzeText":false}]},{"Type":"EmbeddedData","FlowID":"FL_32","EmbeddedData":[{"Description":"Condition","Type":"Custom","Field":"Condition","VariableType":"String","DataVisibility":[],"AnalyzeText":false,"Value":"Bio"},{"Description":"Create New Field or Choose From Dropdown...","Type":"Recipient","Field":"Create New Field or Choose From Dropdown...","VariableType":"String","DataVisibility":[],"AnalyzeText":false}]}]},{"Type":"Branch","FlowID":"FL_34","Description":"New Branch","BranchLogic":{"0":{"0":{"LogicType":"EmbeddedField","LeftOperand":"Condition","Operator":"EqualTo","RightOperand":"Bio","_HiddenExpression":false,"Type":"Expression","Description":"<span class=\"ConjDesc\">If<\/span> <span class=\"LeftOpDesc\">Condition<\/span> <span class=\"OpDesc\">Is Equal to<\/span> <span class=\"RightOpDesc\"> Bio <\/span>"},"Type":"If"},"Type":"BooleanExpression"},"Flow":[{"Type":"BlockRandomizer","FlowID":"FL_16","SubSet":4,"EvenPresentation":true,"Flow":[{"Type":"Standard","ID":"BL_5BmEO8v5JzTNfkG","FlowID":"FL_35","Autofill":[]},{"Type":"Standard","ID":"BL_bPkGmdRvTgyYDTo","FlowID":"FL_36","Autofill":[]},{"Type":"Standard","ID":"BL_0wj1xhNBmpuIgsu","FlowID":"FL_37","Autofill":[]},{"Type":"Standard","ID":"BL_4IXGi3XZWBR5SBM","FlowID":"FL_38","Autofill":[]},{"Type":"Standard","ID":"BL_5AAXigeBQzcutSe","FlowID":"FL_39","Autofill":[]},{"Type":"Standard","ID":"BL_6Jclp4r0Trp8NgO","FlowID":"FL_40","Autofill":[]},{"Type":"Standard","ID":"BL_9H3marAKH6IJyaW","FlowID":"FL_41","Autofill":[]},{"Type":"Standard","ID":"BL_9nwtxs6aOewKdkG","FlowID":"FL_42","Autofill":[]}]}]},{"Type":"Branch","FlowID":"FL_44","Description":"New Branch","BranchLogic":{"0":{"0":{"LogicType":"EmbeddedField","LeftOperand":"Condition","Operator":"EqualTo","RightOperand":"Chem","_HiddenExpression":false,"Type":"Expression","Description":"<span class=\"ConjDesc\">If<\/span> <span class=\"LeftOpDesc\">Condition<\/span> <span class=\"OpDesc\">Is Equal to<\/span> <span class=\"RightOpDesc\"> Chem <\/span>"},"Type":"If"},"Type":"BooleanExpression"},"Flow":[{"Type":"BlockRandomizer","FlowID":"FL_45","SubSet":4,"EvenPresentation":true,"Flow":[{"Type":"Standard","ID":"BL_6fjSDbp6XtTucrI","FlowID":"FL_47","Autofill":[]},{"Type":"Standard","ID":"BL_7NITI23koZxB2lw","FlowID":"FL_48","Autofill":[]},{"Type":"Standard","ID":"BL_23nrosxSLPBynzg","FlowID":"FL_46","Autofill":[]},{"Type":"Standard","ID":"BL_cCGe9bktlnl2yIS","FlowID":"FL_49","Autofill":[]},{"Type":"Standard","ID":"BL_eyyeM6VA8B5ghtc","FlowID":"FL_50","Autofill":[]},{"Type":"Standard","ID":"BL_egQrvRFymPd76nA","FlowID":"FL_51","Autofill":[]},{"Type":"Standard","ID":"BL_24BocTNb87hcTCC","FlowID":"FL_52","Autofill":[]},{"Type":"Standard","ID":"BL_8oi1DdnI2Me9BVc","FlowID":"FL_53","Autofill":[]}]}]},{"Type":"Standard","ID":"BL_0Ur3JkT4OJBFntY","FlowID":"FL_10","Autofill":[]},{"Type":"EndSurvey","FlowID":"FL_9","EndingType":"Advanced","Options":{"Advanced":"true","SurveyTermination":"Redirect","EOSRedirectURL":"https:\/\/app.prolific.co\/submissions\/complete?cc=843D0C17"}}],"Properties":{"Count":61}}},{"SurveyID":"SV_dhvYuvYTGrmaLWe","Element":"PL","PrimaryAttribute":"Preview Link","SecondaryAttribute":null,"TertiaryAttribute":null,"Payload":{"PreviewType":"Brand","PreviewID":"847d3d6e-dcf6-406b-92f5-03fd360f5d97"}},{"SurveyID":"SV_dhvYuvYTGrmaLWe","Element":"PROJ","PrimaryAttribute":"CORE","SecondaryAttribute":null,"TertiaryAttribute":"1.1.0","Payload":{"ProjectCategory":"CORE","SchemaVersion":"1.1.0"}},{"SurveyID":"SV_dhvYuvYTGrmaLWe","Element":"QC","PrimaryAttribute":"Survey Question Count","SecondaryAttribute":"549","TertiaryAttribute":null,"Payload":null},{"SurveyID":"SV_dhvYuvYTGrmaLWe","Element":"RS","PrimaryAttribute":"RS_bEkkHHgLaM0crz0","SecondaryAttribute":"Default Response Set","TertiaryAttribute":null,"Payload":null},{"SurveyID":"SV_dhvYuvYTGrmaLWe","Element":"SCO","PrimaryAttribute":"Scoring","SecondaryAttribute":null,"TertiaryAttribute":null,"Payload":{"ScoringCategories":[],"ScoringCategoryGroups":[],"ScoringSummaryCategory":null,"ScoringSummaryAfterQuestions":0,"ScoringSummaryAfterSurvey":0,"DefaultScoringCategory":null,"AutoScoringCategory":null}},{"SurveyID":"SV_dhvYuvYTGrmaLWe","Element":"SO","PrimaryAttribute":"Survey Options","SecondaryAttribute":null,"TertiaryAttribute":null,"Payload":{"BackButton":"false","SaveAndContinue":"true","SurveyProtection":"PublicSurvey","BallotBoxStuffingPrevention":"false","NoIndex":"Yes","SecureResponseFiles":"true","SurveyExpiration":null,"SurveyTermination":"DefaultMessage","Header":"","Footer":"","ProgressBarDisplay":"None","PartialData":"+1 week","ValidationMessage":null,"PreviousButton":" \u2190 ","NextButton":" \u2192 ","SkinLibrary":"stanforduniversity","SkinType":"MQ","Skin":"stanforduniversity3_new_update","NewScoring":1,"SurveyTitle":"Online Survey Software | Qualtrics Survey Solutions","EOSMessage":"","ShowExportTags":"false","CollectGeoLocation":"false","SurveyMetaDescription":"The most powerful, simple and trusted way to gather experience data. Start your journey to experience management and try a free account today.","PasswordProtection":"No","AnonymizeResponse":"No","Password":"","RefererCheck":"No","RefererURL":"http:\/\/","BallotBoxStuffingPreventionBehavior":null,"BallotBoxStuffingPreventionMessage":null,"BallotBoxStuffingPreventionMessageLibrary":null,"BallotBoxStuffingPreventionURL":null,"RecaptchaV3":"false","ConfirmStart":false,"AutoConfirmStart":false,"UseCustomSurveyLinkCompletedMessage":null,"SurveyLinkCompletedMessage":"","SurveyLinkCompletedMessageLibrary":"","ResponseSummary":"No","EOSMessageLibrary":"","EOSRedirectURL":"https:\/\/app.prolific.co\/submissions\/complete?cc=843D0C17","EmailThankYou":"false","ThankYouEmailMessageLibrary":null,"ThankYouEmailMessage":null,"ValidateMessage":"false","ValidationMessageLibrary":null,"InactiveSurvey":"DefaultMessage","PartialDataCloseAfter":"LastActivity","ActiveResponseSet":null,"InactiveMessageLibrary":"","InactiveMessage":"","AvailableLanguages":{"EN":[]},"PartialDeletion":null,"SurveyName":"exp3"}},{"SurveyID":"SV_dhvYuvYTGrmaLWe","Element":"SQ","PrimaryAttribute":"QID1719910665","SecondaryAttribute":"Please indicate your sex.","TertiaryAttribute":null,"Payload":{"QuestionText":"Please indicate your sex.","QuestionType":"MC","Selector":"SAVR","SubSelector":"TX","DataVisibility":{"Private":false,"Hidden":false},"Configuration":{"QuestionDescriptionOption":"UseText"},"QuestionDescription":"Please indicate your sex.","Choices":{"1":{"Display":"Male"},"2":{"Display":"Female"},"3":{"Display":"Other \/ Prefer not to answer"}},"ChoiceOrder":[1,2,3],"Validation":{"Settings":{"ForceResponse":"ON","ForceResponseType":"ON"}},"RecodeValues":{"1":1,"2":2,"3":3},"Language":[],"NextChoiceId":4,"NextAnswerId":1,"QuestionText_Unsafe":"Please indicate your sex.","DataExportTag":"sex","QuestionID":"QID1719910665"}},{"SurveyID":"SV_dhvYuvYTGrmaLWe","Element":"SQ","PrimaryAttribute":"QID1719910666","SecondaryAttribute":"Please indicate your age (in years)","TertiaryAttribute":null,"Payload":{"QuestionText":"Please indicate your age (in years)","DefaultChoices":false,"QuestionType":"TE","Selector":"SL","DataVisibility":{"Private":false,"Hidden":false},"Configuration":{"QuestionDescriptionOption":"UseText","InputWidth":82,"InputHeight":29},"QuestionDescription":"Please indicate your age (in years)","Validation":{"Settings":{"ForceResponse":"OFF","Type":"None"}},"GradingData":[],"Language":[],"NextChoiceId":84,"NextAnswerId":1,"SearchSource":{"AllowFreeResponse":"false"},"QuestionText_Unsafe":"Please indicate your age (in years)","DataExportTag":"age","QuestionID":"QID1719910666"}},{"SurveyID":"SV_dhvYuvYTGrmaLWe","Element":"SQ","PrimaryAttribute":"QID1719910667","SecondaryAttribute":"What is your race\/ethnicity?","TertiaryAttribute":null,"Payload":{"QuestionText":"What is your race\/ethnicity?","QuestionType":"MC","Selector":"SAVR","SubSelector":"TX","DataVisibility":{"Private":false,"Hidden":false},"Configuration":{"QuestionDescriptionOption":"UseText"},"QuestionDescription":"What is your race\/ethnicity?","Choices":{"1":{"Display":"American Indian \/ Alaska Native"},"2":{"Display":"Asian \/ Asian-American"},"3":{"Display":"Black \/ African American"},"4":{"Display":"Native Hawaiian \/ Pacific Islander"},"5":{"Display":"White \/ European-American"},"6":{"Display":"Latino \/ Hispanic"},"7":{"Display":"Other \/ Prefer not to answer"}},"ChoiceOrder":[1,2,3,4,5,6,"7"],"Validation":{"Settings":{"ForceResponse":"ON","ForceResponseType":"ON"}},"Language":[],"NextChoiceId":8,"NextAnswerId":1,"QuestionText_Unsafe":"What is your race\/ethnicity?","DataExportTag":"race","QuestionID":"QID1719910667"}},{"SurveyID":"SV_dhvYuvYTGrmaLWe","Element":"SQ","PrimaryAttribute":"QID254","SecondaryAttribute":"Please enter your Prolific ID:","TertiaryAttribute":null,"Payload":{"QuestionText":"Please enter your Prolific ID:","DefaultChoices":false,"DataExportTag":"prolific_id","QuestionType":"TE","Selector":"SL","Configuration":{"QuestionDescriptionOption":"UseText","InputWidth":202,"InputHeight":29},"QuestionDescription":"Please enter your Prolific ID:","Validation":{"Settings":{"ForceResponse":"RequestResponse","ForceResponseType":"RequestResponse","Type":"None"}},"GradingData":[],"Language":[],"NextChoiceId":4,"NextAnswerId":1,"SearchSource":{"AllowFreeResponse":"false"},"QuestionID":"QID254","DataVisibility":{"Private":false,"Hidden":false}}},{"SurveyID":"SV_dhvYuvYTGrmaLWe","Element":"SQ","PrimaryAttribute":"QID33","SecondaryAttribute":"CONSENT FORM \u00a0 Thank you for agreeing to take part in this study. We appreciate your time and eff..","TertiaryAttribute":null,"Payload":{"QuestionText":"<p><strong><u><span style=\"font-family: Helvetica, sans-serif;\">CONSENT FORM<\/span><\/u><\/strong><\/p>\n\n<p><span style=\"font-size: 11.5pt; font-family: Helvetica, sans-serif;\">&nbsp;<\/span><\/p>\n\n<p><span style=\"font-family: Calibri, sans-serif;\">Thank you for agreeing to take part in this study. We appreciate your time and effort. In this study, we will present you with a fictional scenario, and then we will ask you to answer a brief series of questions about that scenario. The questions have no right or wrong answers-- we\u2019re just exploring features of human psychology in this research. You will be paid $0.80 for your time and efforts. We do not anticipate any risks from participating in this research.&nbsp;While you will not directly benefit from taking part in this research study, we hope society and the scientific community will benefit from the knowledge gained&nbsp;about human psychology and judgment.<\/span><\/p>\n\n<p><span style=\"font-family: Calibri, sans-serif;\">&nbsp;<\/span><\/p>\n\n<p><span style=\"font-family: Calibri, sans-serif;\">Your involvement should take about 4<strong><span style=\"font-family:&quot;Calibri&quot;,sans-serif;mso-ascii-theme-font:minor-latin;\nmso-hansi-theme-font:minor-latin;mso-bidi-theme-font:minor-latin\">&nbsp;<\/span><\/strong>minutes. Your participation is voluntary and you can stop at any time. If you consent to take part in this survey, please indicate so below, and then click the arrow to advance. If not, simply close your browser window.&nbsp;<\/span><\/p>\n\n<p><span style=\"font-family: Calibri, sans-serif;\">&nbsp;<\/span><\/p>\n\n<p><span style=\"font-family: Calibri, sans-serif;\">The research data will be collected anonymously. We will not ask you to provide any personally identifiable information (such as an email-address, name, etc.) and will not be able to link your response to you.&nbsp;We anticipate that your participation in this survey presents no greater risk than everyday use of the Internet.&nbsp;Of course, please note that there is always the possible risk of intrusion by outside agents (i.e. hacking) whenever information shared over the Internet. In order to keep your identifying information and data from this study separate, we will host the survey on an unaffiliated platform, Qualtrics. Thus, Prolific will&nbsp;<strong>not<\/strong>&nbsp;have access to the data you provide us. Additionally, we will not ask for directly or indirectly identifiable information in the survey.&nbsp;<\/span><\/p>\n\n<p><span style=\"font-family: Calibri, sans-serif;\">&nbsp;<\/span><\/p>\n\n<p><span style=\"font-family: Calibri, sans-serif;\">If you have any questions about the research study, please contact Shaun Nichols (<\/span><span style=\"font-family:&quot;Calibri&quot;,sans-serif;mso-ascii-theme-font:minor-latin;\nmso-hansi-theme-font:minor-latin;mso-bidi-theme-font:minor-latin\">sbn44@cornell.edu<\/span><span style=\"font-family: Calibri, sans-serif;\">) at Cornell University. If you have any questions or concerns regarding your rights as a subject in this study, you may contact the Institutional Review Board (IRB) for Human Participants at 607-255-5138 or access their website at&nbsp;http:\/\/www.irb.cornell.edu. You may also report your concerns or complaints anonymously through Ethicspoint online at&nbsp;www.hotline.cornell.edu&nbsp;or by calling toll free at 1-866-293-3077. Ethicspoint is an independent organization that serves as a liaison between the University and the person bringing the complaint so that anonymity can be ensured.<\/span><\/p>\n\n<p><span style=\"font-family: Calibri, sans-serif;\">&nbsp;<\/span><\/p><p><span style=\"font-family: Calibri, sans-serif;\">Taking part in this study is voluntary. You can stop at any time. Withdrawal or refusal to participate will not result in any penalty. You do not waive any legal rights or release any agent from liability for negligence by consenting to participate.&nbsp;<\/span><\/p><p><span style=\"font-family: Calibri, sans-serif;\"><br><\/span><\/p><p><span style=\"font-family: Calibri, sans-serif;\">If you consent to take part in this survey, please indicate so below:<\/span><\/p>","DefaultChoices":false,"DataExportTag":"consent","QuestionType":"MC","Selector":"SAVR","SubSelector":"TX","DataVisibility":{"Private":false,"Hidden":false},"Configuration":{"QuestionDescriptionOption":"UseText"},"QuestionDescription":"CONSENT FORM \u00a0 Thank you for agreeing to take part in this study. We appreciate your time and eff...","Choices":{"1":{"Display":"I consent, begin the study"},"2":{"Display":"I do not consent, I do not wish to participate"}},"ChoiceOrder":[1,2],"Validation":{"Settings":{"ForceResponse":"ON","ForceResponseType":"ON","Type":"None"}},"GradingData":[],"Language":[],"NextChoiceId":3,"NextAnswerId":1,"QuestionID":"QID33"}},{"SurveyID":"SV_dhvYuvYTGrmaLWe","Element":"SQ","PrimaryAttribute":"QID476","SecondaryAttribute":"In this study, you will be asked about features of various kinds of things. When you are ready to...","TertiaryAttribute":null,"Payload":{"QuestionText":"<div style=\"text-align: center;\">In this study, you will be asked about features of various kinds of things. When you are ready to begin, please click next.&nbsp;<\/div>","DefaultChoices":false,"DataExportTag":"intro","QuestionType":"DB","Selector":"TB","DataVisibility":{"Private":false,"Hidden":false},"Configuration":{"QuestionDescriptionOption":"UseText"},"QuestionDescription":"In this study, you will be asked about features of various kinds of things. When you are ready to...","ChoiceOrder":[],"Validation":{"Settings":{"Type":"None"}},"GradingData":[],"Language":[],"NextChoiceId":4,"NextAnswerId":1,"QuestionID":"QID476"}},{"SurveyID":"SV_dhvYuvYTGrmaLWe","Element":"SQ","PrimaryAttribute":"QID491","SecondaryAttribute":"What do you think the most important features are that make a valley a valley?","TertiaryAttribute":null,"Payload":{"QuestionText":"<div style=\"text-align: center;\"><img style=\"width: 420px; height: auto;\" src=\"https:\/\/stanforduniversity.qualtrics.com\/CP\/Graphic.php?IM=IM_dgSqIglBAI6UVx4\"><br>\nWhat do you think the most important features are that make a valley a valley?<\/div>","DefaultChoices":false,"DataExportTag":"valley_feature","QuestionType":"TE","Selector":"ML","DataVisibility":{"Private":false,"Hidden":false},"Configuration":{"QuestionDescriptionOption":"UseText","InputWidth":600,"InputHeight":60},"QuestionDescription":"What do you think the most important features are that make a valley a valley?","Validation":{"Settings":{"ForceResponse":"ON","ForceResponseType":"ON","Type":"None"}},"GradingData":[],"Language":[],"NextChoiceId":4,"NextAnswerId":1,"SearchSource":{"AllowFreeResponse":"false"},"QuestionID":"QID491"}},{"SurveyID":"SV_dhvYuvYTGrmaLWe","Element":"SQ","PrimaryAttribute":"QID492","SecondaryAttribute":"When you think about what makes a valley a valley, what explains why it has those features?","TertiaryAttribute":null,"Payload":{"QuestionText":"<div style=\"text-align: center;\">When you think about what makes a valley a valley, what explains why it has those features?<\/div>","DefaultChoices":false,"DataExportTag":"valley_explain","QuestionType":"TE","Selector":"ML","DataVisibility":{"Private":false,"Hidden":false},"Configuration":{"QuestionDescriptionOption":"UseText","InputWidth":600,"InputHeight":60},"QuestionDescription":"When you think about what makes a valley a valley, what explains why it has those features?","Validation":{"Settings":{"ForceResponse":"ON","ForceResponseType":"ON","Type":"None"}},"GradingData":[],"Language":[],"NextChoiceId":4,"NextAnswerId":1,"SearchSource":{"AllowFreeResponse":"false"},"QuestionID":"QID492"}},{"SurveyID":"SV_dhvYuvYTGrmaLWe","Element":"SQ","PrimaryAttribute":"QID520","SecondaryAttribute":"What do you think the most important features are that make a mineral a mineral?\u00a0","TertiaryAttribute":null,"Payload":{"QuestionText":"<div style=\"text-align: center;\"><img style=\"width: 320px; height: auto;\" src=\"https:\/\/stanforduniversity.qualtrics.com\/CP\/Graphic.php?IM=IM_8exbRFw5hGwRCgS\"><br>\nWhat do you think the most important features are that make a mineral a mineral?&nbsp;<\/div>","DefaultChoices":false,"QuestionType":"TE","Selector":"ML","DataVisibility":{"Private":false,"Hidden":false},"Configuration":{"QuestionDescriptionOption":"UseText","InputWidth":600,"InputHeight":60},"QuestionDescription":"What do you think the most important features are that make a mineral a mineral?\u00a0","Validation":{"Settings":{"ForceResponse":"ON","ForceResponseType":"ON","Type":"None"}},"GradingData":[],"Language":[],"NextChoiceId":4,"NextAnswerId":1,"SearchSource":{"AllowFreeResponse":"false"},"QuestionText_Unsafe":"What do you think the most important features are that make sugar sugar?","DataExportTag":"mineral_feature","QuestionID":"QID520"}},{"SurveyID":"SV_dhvYuvYTGrmaLWe","Element":"SQ","PrimaryAttribute":"QID521","SecondaryAttribute":"When you think about what makes a mineral a mineral, what explains why it has those features?","TertiaryAttribute":null,"Payload":{"QuestionText":"<div style=\"text-align: center;\">When you think about what makes a mineral a mineral, what explains why it has those features?<\/div>","DefaultChoices":false,"QuestionType":"TE","Selector":"ML","DataVisibility":{"Private":false,"Hidden":false},"Configuration":{"QuestionDescriptionOption":"UseText","InputWidth":600,"InputHeight":60},"QuestionDescription":"When you think about what makes a mineral a mineral, what explains why it has those features?","Validation":{"Settings":{"ForceResponse":"ON","ForceResponseType":"ON","Type":"None"}},"GradingData":[],"Language":[],"NextChoiceId":4,"NextAnswerId":1,"SearchSource":{"AllowFreeResponse":"false"},"QuestionText_Unsafe":"<div style=\"text-align: center;\">When you think about what makes sugar sugar, what explains why it has those features?<\/div>","DataExportTag":"mineral_explain","QuestionID":"QID521"}},{"SurveyID":"SV_dhvYuvYTGrmaLWe","Element":"SQ","PrimaryAttribute":"QID522","SecondaryAttribute":"What do you think the most important features are that make a desert a desert?","TertiaryAttribute":null,"Payload":{"QuestionText":"<div style=\"text-align: center;\"><img style=\"width: 520px; height: auto;\" src=\"https:\/\/stanforduniversity.qualtrics.com\/CP\/Graphic.php?IM=IM_9nqC1IlNRsvvaWq\"><br>\nWhat do you think the most important features are that make a desert a desert?<\/div>","DefaultChoices":false,"QuestionType":"TE","Selector":"ML","DataVisibility":{"Private":false,"Hidden":false},"Configuration":{"QuestionDescriptionOption":"UseText","InputWidth":600,"InputHeight":60},"QuestionDescription":"What do you think the most important features are that make a desert a desert?","Validation":{"Settings":{"ForceResponse":"ON","ForceResponseType":"ON","Type":"None"}},"GradingData":[],"Language":[],"NextChoiceId":4,"NextAnswerId":1,"SearchSource":{"AllowFreeResponse":"false"},"QuestionText_Unsafe":"What do you think the most important features are that make water water?","DataExportTag":"desert_feature","QuestionID":"QID522"}},{"SurveyID":"SV_dhvYuvYTGrmaLWe","Element":"SQ","PrimaryAttribute":"QID523","SecondaryAttribute":"When you think about what makes a desert a desert, what explains why it has those features?","TertiaryAttribute":null,"Payload":{"QuestionText":"<div style=\"text-align: center;\">When you think about what makes a desert a desert, what explains why it has those features?<\/div>","DefaultChoices":false,"QuestionType":"TE","Selector":"ML","DataVisibility":{"Private":false,"Hidden":false},"Configuration":{"QuestionDescriptionOption":"UseText","InputWidth":600,"InputHeight":60},"QuestionDescription":"When you think about what makes a desert a desert, what explains why it has those features?","Validation":{"Settings":{"ForceResponse":"ON","ForceResponseType":"ON","Type":"None"}},"GradingData":[],"Language":[],"NextChoiceId":4,"NextAnswerId":1,"SearchSource":{"AllowFreeResponse":"false"},"QuestionText_Unsafe":"<div style=\"text-align: center;\">When you think about what makes water water, what explains why it has those features?<\/div>","DataExportTag":"desert_explain","QuestionID":"QID523"}},{"SurveyID":"SV_dhvYuvYTGrmaLWe","Element":"SQ","PrimaryAttribute":"QID524","SecondaryAttribute":"What do you think the most important features are that make a river a river?\u00a0","TertiaryAttribute":null,"Payload":{"QuestionText":"<div style=\"text-align: center;\"><img style=\"width: 520px; height: auto;\" src=\"https:\/\/stanforduniversity.qualtrics.com\/CP\/Graphic.php?IM=IM_818pX685wJxW09U\"><br>\nWhat do you think the most important features are that make a river a river?&nbsp;<\/div>","DefaultChoices":false,"QuestionType":"TE","Selector":"ML","DataVisibility":{"Private":false,"Hidden":false},"Configuration":{"QuestionDescriptionOption":"UseText","InputWidth":600,"InputHeight":60},"QuestionDescription":"What do you think the most important features are that make a river a river?\u00a0","Validation":{"Settings":{"ForceResponse":"ON","ForceResponseType":"ON","Type":"None"}},"GradingData":[],"Language":[],"NextChoiceId":4,"NextAnswerId":1,"SearchSource":{"AllowFreeResponse":"false"},"QuestionText_Unsafe":"What do you think the most important features are that make gold gold?","DataExportTag":"river_feature","QuestionID":"QID524"}},{"SurveyID":"SV_dhvYuvYTGrmaLWe","Element":"SQ","PrimaryAttribute":"QID525","SecondaryAttribute":"When you think about what makes a river a river, what explains why it has those features?","TertiaryAttribute":null,"Payload":{"QuestionText":"<div style=\"text-align: center;\">When you think about what makes a river a river, what explains why it has those features?<\/div>","DefaultChoices":false,"QuestionType":"TE","Selector":"ML","DataVisibility":{"Private":false,"Hidden":false},"Configuration":{"QuestionDescriptionOption":"UseText","InputWidth":600,"InputHeight":60},"QuestionDescription":"When you think about what makes a river a river, what explains why it has those features?","Validation":{"Settings":{"ForceResponse":"ON","ForceResponseType":"ON","Type":"None"}},"GradingData":[],"Language":[],"NextChoiceId":4,"NextAnswerId":1,"SearchSource":{"AllowFreeResponse":"false"},"QuestionText_Unsafe":"<div style=\"text-align: center;\">When you think about what makes gold gold, what explains why it has those features?<\/div>","DataExportTag":"river_explain","QuestionID":"QID525"}},{"SurveyID":"SV_dhvYuvYTGrmaLWe","Element":"SQ","PrimaryAttribute":"QID526","SecondaryAttribute":"What do you think the most important features are that make soil soil?\u00a0","TertiaryAttribute":null,"Payload":{"QuestionText":"<div style=\"text-align: center;\"><img style=\"width: 320px; height: auto;\" src=\"https:\/\/stanforduniversity.qualtrics.com\/CP\/Graphic.php?IM=IM_80z5fLYfIzJzdD8\"><br>\nWhat do you think the most important features are that make soil soil?&nbsp;<\/div>","DefaultChoices":false,"QuestionType":"TE","Selector":"ML","DataVisibility":{"Private":false,"Hidden":false},"Configuration":{"QuestionDescriptionOption":"UseText","InputWidth":600,"InputHeight":60},"QuestionDescription":"What do you think the most important features are that make soil soil?\u00a0","Validation":{"Settings":{"ForceResponse":"ON","ForceResponseType":"ON","Type":"None"}},"GradingData":[],"Language":[],"NextChoiceId":4,"NextAnswerId":1,"SearchSource":{"AllowFreeResponse":"false"},"QuestionText_Unsafe":"What do you think the most important features are that make salt salt?&nbsp;","DataExportTag":"soil_feature","QuestionID":"QID526"}},{"SurveyID":"SV_dhvYuvYTGrmaLWe","Element":"SQ","PrimaryAttribute":"QID527","SecondaryAttribute":"When you think about what makes soil soil, what explains why it has those features?","TertiaryAttribute":null,"Payload":{"QuestionText":"<div style=\"text-align: center;\">When you think about what makes soil soil, what explains why it has those features?<\/div>","DefaultChoices":false,"QuestionType":"TE","Selector":"ML","DataVisibility":{"Private":false,"Hidden":false},"Configuration":{"QuestionDescriptionOption":"UseText","InputWidth":600,"InputHeight":60},"QuestionDescription":"When you think about what makes soil soil, what explains why it has those features?","Validation":{"Settings":{"ForceResponse":"ON","ForceResponseType":"ON","Type":"None"}},"GradingData":[],"Language":[],"NextChoiceId":4,"NextAnswerId":1,"SearchSource":{"AllowFreeResponse":"false"},"QuestionText_Unsafe":"<div style=\"text-align: center;\">When you think about what makes salt salt, what explains why it has those features?<\/div>","DataExportTag":"soil_explain","QuestionID":"QID527"}},{"SurveyID":"SV_dhvYuvYTGrmaLWe","Element":"SQ","PrimaryAttribute":"QID528","SecondaryAttribute":"What do you think the most important features are that make platinum platinum?\u00a0","TertiaryAttribute":null,"Payload":{"QuestionText":"<div style=\"text-align: center;\"><img style=\"width: 320px; height: auto;\"src=\"https:\/\/stanforduniversity.qualtrics.com\/CP\/Graphic.php?IM=IM_8rdU7d3y9ZyZXQG\"><br>\nWhat do you think the most important features are that make platinum platinum?&nbsp;<\/div>","DefaultChoices":false,"QuestionType":"TE","Selector":"ML","DataVisibility":{"Private":false,"Hidden":false},"Configuration":{"QuestionDescriptionOption":"UseText","InputWidth":600,"InputHeight":60},"QuestionDescription":"What do you think the most important features are that make platinum platinum?\u00a0","Validation":{"Settings":{"ForceResponse":"ON","ForceResponseType":"ON","Type":"None"}},"GradingData":[],"Language":[],"NextChoiceId":4,"NextAnswerId":1,"SearchSource":{"AllowFreeResponse":"false"},"QuestionText_Unsafe":"What do you think the most important features are that make iron iron?&nbsp;","DataExportTag":"platinum_feature","QuestionID":"QID528"}},{"SurveyID":"SV_dhvYuvYTGrmaLWe","Element":"SQ","PrimaryAttribute":"QID529","SecondaryAttribute":"When you think about what makes platinum platinum, what explains why it has those features?","TertiaryAttribute":null,"Payload":{"QuestionText":"<div style=\"text-align: center;\">When you think about what makes platinum platinum, what explains why it has those features?<\/div>","DefaultChoices":false,"QuestionType":"TE","Selector":"ML","DataVisibility":{"Private":false,"Hidden":false},"Configuration":{"QuestionDescriptionOption":"UseText","InputWidth":600,"InputHeight":60},"QuestionDescription":"When you think about what makes platinum platinum, what explains why it has those features?","Validation":{"Settings":{"ForceResponse":"ON","ForceResponseType":"ON","Type":"None"}},"GradingData":[],"Language":[],"NextChoiceId":4,"NextAnswerId":1,"SearchSource":{"AllowFreeResponse":"false"},"QuestionText_Unsafe":"<div style=\"text-align: center;\">When you think about what makes iron iron, what explains why it has those features?<\/div>","DataExportTag":"platinum_explain","QuestionID":"QID529"}},{"SurveyID":"SV_dhvYuvYTGrmaLWe","Element":"SQ","PrimaryAttribute":"QID530","SecondaryAttribute":"What do you think the most important features are that make lead lead?\u00a0\u00a0","TertiaryAttribute":null,"Payload":{"QuestionText":"<div style=\"text-align: center;\"><img style=\"width: 320px; height: auto;\" src=\"https:\/\/stanforduniversity.qualtrics.com\/CP\/Graphic.php?IM=IM_6DL2igdhMoHGkdM\"><br>\nWhat do you think the most important features are that make lead lead?&nbsp;&nbsp;<\/div>","DefaultChoices":false,"QuestionType":"TE","Selector":"ML","DataVisibility":{"Private":false,"Hidden":false},"Configuration":{"QuestionDescriptionOption":"UseText","InputWidth":600,"InputHeight":60},"QuestionDescription":"What do you think the most important features are that make lead lead?\u00a0\u00a0","Validation":{"Settings":{"ForceResponse":"ON","ForceResponseType":"ON","Type":"None"}},"GradingData":[],"Language":[],"NextChoiceId":4,"NextAnswerId":1,"SearchSource":{"AllowFreeResponse":"false"},"QuestionText_Unsafe":"What do you think the most important features are that make carbon carbon?&nbsp;","DataExportTag":"lead_feature","QuestionID":"QID530"}},{"SurveyID":"SV_dhvYuvYTGrmaLWe","Element":"SQ","PrimaryAttribute":"QID531","SecondaryAttribute":"When you think about what makes lead lead, what explains why it has those features?","TertiaryAttribute":null,"Payload":{"QuestionText":"<div style=\"text-align: center;\">When you think about what makes lead lead, what explains why it has those features?<\/div>","DefaultChoices":false,"QuestionType":"TE","Selector":"ML","DataVisibility":{"Private":false,"Hidden":false},"Configuration":{"QuestionDescriptionOption":"UseText","InputWidth":600,"InputHeight":60},"QuestionDescription":"When you think about what makes lead lead, what explains why it has those features?","Validation":{"Settings":{"ForceResponse":"ON","ForceResponseType":"ON","Type":"None"}},"GradingData":[],"Language":[],"NextChoiceId":4,"NextAnswerId":1,"SearchSource":{"AllowFreeResponse":"false"},"QuestionText_Unsafe":"<div style=\"text-align: center;\">When you think about what makes carbon carbon, what explains why it has those features?<\/div>","DataExportTag":"lead_explain","QuestionID":"QID531"}},{"SurveyID":"SV_dhvYuvYTGrmaLWe","Element":"SQ","PrimaryAttribute":"QID532","SecondaryAttribute":"What do you think the most important features are that make oxygen oxygen?\u00a0\u00a0","TertiaryAttribute":null,"Payload":{"QuestionText":"<div style=\"text-align: center;\"><img style=\"width: 320px; height: auto;\" src=\"https:\/\/stanforduniversity.qualtrics.com\/CP\/Graphic.php?IM=IM_cMvbM0QEpoCStJY\"><br>\nWhat do you think the most important features are that make oxygen oxygen?&nbsp;&nbsp;<\/div>","DefaultChoices":false,"QuestionType":"TE","Selector":"ML","DataVisibility":{"Private":false,"Hidden":false},"Configuration":{"QuestionDescriptionOption":"UseText","InputWidth":600,"InputHeight":60},"QuestionDescription":"What do you think the most important features are that make oxygen oxygen?\u00a0\u00a0","Validation":{"Settings":{"ForceResponse":"ON","ForceResponseType":"ON","Type":"None"}},"GradingData":[],"Language":[],"NextChoiceId":4,"NextAnswerId":1,"SearchSource":{"AllowFreeResponse":"false"},"QuestionText_Unsafe":"What do you think the most important features are that make silver silver?&nbsp;&nbsp;","DataExportTag":"oxygen_feature","QuestionID":"QID532"}},{"SurveyID":"SV_dhvYuvYTGrmaLWe","Element":"SQ","PrimaryAttribute":"QID533","SecondaryAttribute":"When you think about what makes oxygen oxygen, what explains why it has those features?\u00a0","TertiaryAttribute":null,"Payload":{"QuestionText":"<div style=\"text-align: center;\">When you think about what makes oxygen oxygen, what explains why it has those features?&nbsp;<\/div>","DefaultChoices":false,"QuestionType":"TE","Selector":"ML","DataVisibility":{"Private":false,"Hidden":false},"Configuration":{"QuestionDescriptionOption":"UseText","InputWidth":600,"InputHeight":60},"QuestionDescription":"When you think about what makes oxygen oxygen, what explains why it has those features?\u00a0","Validation":{"Settings":{"ForceResponse":"ON","ForceResponseType":"ON","Type":"None"}},"GradingData":[],"Language":[],"NextChoiceId":4,"NextAnswerId":1,"SearchSource":{"AllowFreeResponse":"false"},"QuestionText_Unsafe":"<div style=\"text-align: center;\">When you think about what makes silver silver, what explains why it has those features?<\/div>","DataExportTag":"oxygen_explain","QuestionID":"QID533"}},{"SurveyID":"SV_dhvYuvYTGrmaLWe","Element":"SQ","PrimaryAttribute":"QID534","SecondaryAttribute":"What do you think the most important features are that make a dog a dog?\u00a0 \u00a0","TertiaryAttribute":null,"Payload":{"QuestionText":"<div style=\"text-align: center;\"><img style=\"width: 220px; height: auto;\" src=\"https:\/\/stanforduniversity.qualtrics.com\/CP\/Graphic.php?IM=IM_8csVLFGHJaSMdZI\">\n<div style=\"text-align: center;\">What do you think the most important features are that make a dog a dog?&nbsp; &nbsp;<\/div>\n<\/div>","DefaultChoices":false,"QuestionType":"TE","Selector":"ML","DataVisibility":{"Private":false,"Hidden":false},"Configuration":{"QuestionDescriptionOption":"UseText","InputWidth":600,"InputHeight":60},"QuestionDescription":"What do you think the most important features are that make a dog a dog?\u00a0 \u00a0","Validation":{"Settings":{"ForceResponse":"ON","ForceResponseType":"ON","Type":"None"}},"GradingData":[],"Language":[],"NextChoiceId":4,"NextAnswerId":1,"SearchSource":{"AllowFreeResponse":"false"},"QuestionText_Unsafe":"What do you think the most important features are that make oxygen oxygen?&nbsp;&nbsp;","DataExportTag":"dog_feature","QuestionID":"QID534"}},{"SurveyID":"SV_dhvYuvYTGrmaLWe","Element":"SQ","PrimaryAttribute":"QID535","SecondaryAttribute":"When you think about what makes a dog a dog, what explains why it has those features?\u00a0","TertiaryAttribute":null,"Payload":{"QuestionText":"<div style=\"text-align: center;\">When you think about what makes a dog a dog, what explains why it has those features?&nbsp;<\/div>","DefaultChoices":false,"QuestionType":"TE","Selector":"ML","DataVisibility":{"Private":false,"Hidden":false},"Configuration":{"QuestionDescriptionOption":"UseText","InputWidth":600,"InputHeight":60},"QuestionDescription":"When you think about what makes a dog a dog, what explains why it has those features?\u00a0","Validation":{"Settings":{"ForceResponse":"ON","ForceResponseType":"ON","Type":"None"}},"GradingData":[],"Language":[],"NextChoiceId":4,"NextAnswerId":1,"SearchSource":{"AllowFreeResponse":"false"},"QuestionText_Unsafe":"<div style=\"text-align: center;\">When you think about what makes oxygen oxygen, what explains why it has those features?&nbsp;<\/div>","DataExportTag":"dog_explain","QuestionID":"QID535"}},{"SurveyID":"SV_dhvYuvYTGrmaLWe","Element":"SQ","PrimaryAttribute":"QID536","SecondaryAttribute":"What do you think the most important features are that make a fly a fly?\u00a0","TertiaryAttribute":null,"Payload":{"QuestionText":"<div style=\"text-align: center;\"><br>\n<img style=\"width: 320px; height: auto;\" src=\"https:\/\/stanforduniversity.qualtrics.com\/CP\/Graphic.php?IM=IM_4T7eHiJI3BqA3fU\"><br>\nWhat do you think the most important features are that make a fly a fly?&nbsp;<\/div>","DefaultChoices":false,"QuestionType":"TE","Selector":"ML","DataVisibility":{"Private":false,"Hidden":false},"Configuration":{"QuestionDescriptionOption":"UseText","InputWidth":600,"InputHeight":60},"QuestionDescription":"What do you think the most important features are that make a fly a fly?\u00a0","Validation":{"Settings":{"ForceResponse":"ON","ForceResponseType":"ON","Type":"None"}},"GradingData":[],"Language":[],"NextChoiceId":4,"NextAnswerId":1,"SearchSource":{"AllowFreeResponse":"false"},"QuestionText_Unsafe":"What do you think the most important features are that make a dog a dog?&nbsp; &nbsp;","DataExportTag":"fly_feature","QuestionID":"QID536"}},{"SurveyID":"SV_dhvYuvYTGrmaLWe","Element":"SQ","PrimaryAttribute":"QID537","SecondaryAttribute":"When you think about what makes a fly a fly, what explains why it has those features?\u00a0","TertiaryAttribute":null,"Payload":{"QuestionText":"<div style=\"text-align: center;\">When you think about what makes a fly a fly, what explains why it has those features?&nbsp;<\/div>","DefaultChoices":false,"QuestionType":"TE","Selector":"ML","DataVisibility":{"Private":false,"Hidden":false},"Configuration":{"QuestionDescriptionOption":"UseText","InputWidth":600,"InputHeight":60},"QuestionDescription":"When you think about what makes a fly a fly, what explains why it has those features?\u00a0","Validation":{"Settings":{"ForceResponse":"ON","ForceResponseType":"ON","Type":"None"}},"GradingData":[],"Language":[],"NextChoiceId":4,"NextAnswerId":1,"SearchSource":{"AllowFreeResponse":"false"},"QuestionText_Unsafe":"<div style=\"text-align: center;\">When you think about what makes a dog a dog, what explains why it has those features?&nbsp;<\/div>","DataExportTag":"fly_explain","QuestionID":"QID537"}},{"SurveyID":"SV_dhvYuvYTGrmaLWe","Element":"SQ","PrimaryAttribute":"QID538","SecondaryAttribute":"What do you think the most important features are that make a snail a snail?\u00a0","TertiaryAttribute":null,"Payload":{"QuestionText":"<div style=\"text-align: center;\"><img style=\"width: 320px; height: auto;\" src=\"https:\/\/stanforduniversity.qualtrics.com\/CP\/Graphic.php?IM=IM_08jet6gPryY4we2\"><br>\nWhat do you think the most important features are that make a snail a snail?&nbsp;<\/div>","DefaultChoices":false,"QuestionType":"TE","Selector":"ML","DataVisibility":{"Private":false,"Hidden":false},"Configuration":{"QuestionDescriptionOption":"UseText","InputWidth":600,"InputHeight":60},"QuestionDescription":"What do you think the most important features are that make a snail a snail?\u00a0","Validation":{"Settings":{"ForceResponse":"ON","ForceResponseType":"ON","Type":"None"}},"GradingData":[],"Language":[],"NextChoiceId":4,"NextAnswerId":1,"SearchSource":{"AllowFreeResponse":"false"},"QuestionText_Unsafe":"What do you think the most important features are that make a fish a fish?&nbsp;","DataExportTag":"snail_feature","QuestionID":"QID538"}},{"SurveyID":"SV_dhvYuvYTGrmaLWe","Element":"SQ","PrimaryAttribute":"QID539","SecondaryAttribute":"When you think about what makes a snail a snail, what explains why it has those features?\u00a0","TertiaryAttribute":null,"Payload":{"QuestionText":"<div style=\"text-align: center;\">When you think about what makes a snail a snail, what explains why it has those features?&nbsp;<\/div>","DefaultChoices":false,"QuestionType":"TE","Selector":"ML","DataVisibility":{"Private":false,"Hidden":false},"Configuration":{"QuestionDescriptionOption":"UseText","InputWidth":600,"InputHeight":60},"QuestionDescription":"When you think about what makes a snail a snail, what explains why it has those features?\u00a0","Validation":{"Settings":{"ForceResponse":"ON","ForceResponseType":"ON","Type":"None"}},"GradingData":[],"Language":[],"NextChoiceId":4,"NextAnswerId":1,"SearchSource":{"AllowFreeResponse":"false"},"QuestionText_Unsafe":"<div style=\"text-align: center;\">When you think about what makes a fish a fish, what explains why it has those features?&nbsp;<\/div>","DataExportTag":"snail_explain","QuestionID":"QID539"}},{"SurveyID":"SV_dhvYuvYTGrmaLWe","Element":"SQ","PrimaryAttribute":"QID540","SecondaryAttribute":"What do you think the most important features are that make an osprey an osprey?\u00a0","TertiaryAttribute":null,"Payload":{"QuestionText":"<div style=\"text-align: center;\"><img style=\"width: 320px; height: auto;\" src=\"https:\/\/stanforduniversity.qualtrics.com\/CP\/Graphic.php?IM=IM_5pdFd6JjdSpapoi\"><br>\nWhat do you think the most important features are that make an osprey an osprey?&nbsp;<\/div>","DefaultChoices":false,"QuestionType":"TE","Selector":"ML","DataVisibility":{"Private":false,"Hidden":false},"Configuration":{"QuestionDescriptionOption":"UseText","InputWidth":600,"InputHeight":60},"QuestionDescription":"What do you think the most important features are that make an osprey an osprey?\u00a0","Validation":{"Settings":{"ForceResponse":"ON","ForceResponseType":"ON","Type":"None"}},"GradingData":[],"Language":[],"NextChoiceId":4,"NextAnswerId":1,"SearchSource":{"AllowFreeResponse":"false"},"QuestionText_Unsafe":"What do you think the most important features are that make a horse a horse?&nbsp;","DataExportTag":"osprey_feature","QuestionID":"QID540"}},{"SurveyID":"SV_dhvYuvYTGrmaLWe","Element":"SQ","PrimaryAttribute":"QID541","SecondaryAttribute":"When you think about what makes an osprey an osprey, what explains why it has those features?\u00a0","TertiaryAttribute":null,"Payload":{"QuestionText":"<div style=\"text-align: center;\">When you think about what makes an osprey an osprey, what explains why it has those features?&nbsp;<\/div>","DefaultChoices":false,"QuestionType":"TE","Selector":"ML","DataVisibility":{"Private":false,"Hidden":false},"Configuration":{"QuestionDescriptionOption":"UseText","InputWidth":600,"InputHeight":60},"QuestionDescription":"When you think about what makes an osprey an osprey, what explains why it has those features?\u00a0","Validation":{"Settings":{"ForceResponse":"ON","ForceResponseType":"ON","Type":"None"}},"GradingData":[],"Language":[],"NextChoiceId":4,"NextAnswerId":1,"SearchSource":{"AllowFreeResponse":"false"},"QuestionText_Unsafe":"<div style=\"text-align: center;\">When you think about what makes a horse a horse, what explains why it has those features?&nbsp;<\/div>","DataExportTag":"osprey_explain","QuestionID":"QID541"}},{"SurveyID":"SV_dhvYuvYTGrmaLWe","Element":"SQ","PrimaryAttribute":"QID542","SecondaryAttribute":"What do you think the most important features are that make a shark a shark?\u00a0","TertiaryAttribute":null,"Payload":{"QuestionText":"<div style=\"text-align: center;\"><img style=\"width: 320px; height: auto;\" src=\"https:\/\/stanforduniversity.qualtrics.com\/CP\/Graphic.php?IM=IM_9XNamY4sEXroDT8\"><br>\nWhat do you think the most important features are that make a shark a shark?&nbsp;<\/div>","DefaultChoices":false,"QuestionType":"TE","Selector":"ML","DataVisibility":{"Private":false,"Hidden":false},"Configuration":{"QuestionDescriptionOption":"UseText","InputWidth":600,"InputHeight":60},"QuestionDescription":"What do you think the most important features are that make a shark a shark?\u00a0","Validation":{"Settings":{"ForceResponse":"ON","ForceResponseType":"ON","Type":"None"}},"GradingData":[],"Language":[],"NextChoiceId":4,"NextAnswerId":1,"SearchSource":{"AllowFreeResponse":"false"},"QuestionText_Unsafe":"What do you think the most important features are that make a bird a bird?&nbsp;","DataExportTag":"shark_feature","QuestionID":"QID542"}},{"SurveyID":"SV_dhvYuvYTGrmaLWe","Element":"SQ","PrimaryAttribute":"QID543","SecondaryAttribute":"When you think about what makes a shark a shark, what explains why it has those features?\u00a0","TertiaryAttribute":null,"Payload":{"QuestionText":"<div style=\"text-align: center;\">When you think about what makes a shark a shark, what explains why it has those features?&nbsp;<\/div>","DefaultChoices":false,"QuestionType":"TE","Selector":"ML","DataVisibility":{"Private":false,"Hidden":false},"Configuration":{"QuestionDescriptionOption":"UseText","InputWidth":600,"InputHeight":60},"QuestionDescription":"When you think about what makes a shark a shark, what explains why it has those features?\u00a0","Validation":{"Settings":{"ForceResponse":"ON","ForceResponseType":"ON","Type":"None"}},"GradingData":[],"Language":[],"NextChoiceId":4,"NextAnswerId":1,"SearchSource":{"AllowFreeResponse":"false"},"QuestionText_Unsafe":"<div style=\"text-align: center;\">When you think about what makes a bird a bird, what explains why it has those features?&nbsp;<\/div>","DataExportTag":"shark_explain","QuestionID":"QID543"}},{"SurveyID":"SV_dhvYuvYTGrmaLWe","Element":"SQ","PrimaryAttribute":"QID544","SecondaryAttribute":"What do you think the most important features are that make a coyote a coyote?","TertiaryAttribute":null,"Payload":{"QuestionText":"<div style=\"text-align: center;\"><img style=\"width: 320px; height: auto;\"src=\"https:\/\/stanforduniversity.qualtrics.com\/CP\/Graphic.php?IM=IM_2f2l5hxWrCd85AG\"><br>\nWhat do you think the most important features are that make a coyote a coyote?<\/div>","DefaultChoices":false,"QuestionType":"TE","Selector":"ML","DataVisibility":{"Private":false,"Hidden":false},"Configuration":{"QuestionDescriptionOption":"UseText","InputWidth":600,"InputHeight":60},"QuestionDescription":"What do you think the most important features are that make a coyote a coyote?","Validation":{"Settings":{"ForceResponse":"ON","ForceResponseType":"ON","Type":"None"}},"GradingData":[],"Language":[],"NextChoiceId":4,"NextAnswerId":1,"SearchSource":{"AllowFreeResponse":"false"},"QuestionText_Unsafe":"What do you think the most important features are that make a cat a cat?&nbsp;","DataExportTag":"coyote_feature","QuestionID":"QID544"}},{"SurveyID":"SV_dhvYuvYTGrmaLWe","Element":"SQ","PrimaryAttribute":"QID545","SecondaryAttribute":"When you think about what makes a coyote a coyote, what explains why it has those features?\u00a0","TertiaryAttribute":null,"Payload":{"QuestionText":"<div style=\"text-align: center;\">When you think about what makes a coyote a coyote, what explains why it has those features?&nbsp;<\/div>","DefaultChoices":false,"QuestionType":"TE","Selector":"ML","DataVisibility":{"Private":false,"Hidden":false},"Configuration":{"QuestionDescriptionOption":"UseText","InputWidth":600,"InputHeight":60},"QuestionDescription":"When you think about what makes a coyote a coyote, what explains why it has those features?\u00a0","Validation":{"Settings":{"ForceResponse":"ON","ForceResponseType":"ON","Type":"None"}},"GradingData":[],"Language":[],"NextChoiceId":4,"NextAnswerId":1,"SearchSource":{"AllowFreeResponse":"false"},"QuestionText_Unsafe":"<div style=\"text-align: center;\">When you think about what makes a cat a cat, what explains why it has those features?&nbsp;<\/div>","DataExportTag":"coyote_explain","QuestionID":"QID545"}},{"SurveyID":"SV_dhvYuvYTGrmaLWe","Element":"SQ","PrimaryAttribute":"QID546","SecondaryAttribute":"What do you think the most important features are that make a bat a bat?\u00a0","TertiaryAttribute":null,"Payload":{"QuestionText":"<div style=\"text-align: center;\"><img style=\"width: 320px; height: auto;\" src=\"https:\/\/stanforduniversity.qualtrics.com\/CP\/Graphic.php?IM=IM_29bgc7fbKWgYSs6\"><br>\nWhat do you think the most important features are that make a bat a bat?&nbsp;<\/div>","DefaultChoices":false,"QuestionType":"TE","Selector":"ML","DataVisibility":{"Private":false,"Hidden":false},"Configuration":{"QuestionDescriptionOption":"UseText","InputWidth":600,"InputHeight":60},"QuestionDescription":"What do you think the most important features are that make a bat a bat?\u00a0","Validation":{"Settings":{"ForceResponse":"ON","ForceResponseType":"ON","Type":"None"}},"GradingData":[],"Language":[],"NextChoiceId":4,"NextAnswerId":1,"SearchSource":{"AllowFreeResponse":"false"},"QuestionText_Unsafe":"What do you think the most important features are that make a chicken a chicken?&nbsp;","DataExportTag":"bat_feature","QuestionID":"QID546"}},{"SurveyID":"SV_dhvYuvYTGrmaLWe","Element":"SQ","PrimaryAttribute":"QID547","SecondaryAttribute":"When you think about what makes a bat a bat, what explains why it has those features?\u00a0","TertiaryAttribute":null,"Payload":{"QuestionText":"<div style=\"text-align: center;\">When you think about what makes a bat a bat, what explains why it has those features?&nbsp;<\/div>","DefaultChoices":false,"QuestionType":"TE","Selector":"ML","DataVisibility":{"Private":false,"Hidden":false},"Configuration":{"QuestionDescriptionOption":"UseText","InputWidth":600,"InputHeight":60},"QuestionDescription":"When you think about what makes a bat a bat, what explains why it has those features?\u00a0","Validation":{"Settings":{"ForceResponse":"ON","ForceResponseType":"ON","Type":"None"}},"GradingData":[],"Language":[],"NextChoiceId":4,"NextAnswerId":1,"SearchSource":{"AllowFreeResponse":"false"},"QuestionText_Unsafe":"<div style=\"text-align: center;\">When you think about what makes a chicken a chicken, what explains why it has those features?&nbsp;<\/div>","DataExportTag":"bat_explain","QuestionID":"QID547"}},{"SurveyID":"SV_dhvYuvYTGrmaLWe","Element":"SQ","PrimaryAttribute":"QID548","SecondaryAttribute":"What do you think the most important features are that make a turkey a turkey?\u00a0","TertiaryAttribute":null,"Payload":{"QuestionText":"<div style=\"text-align: center;\"><img style=\"width: 320px; height: auto;\" \n src=\"https:\/\/stanforduniversity.qualtrics.com\/CP\/Graphic.php?IM=IM_5dJkUUIA1QKP21U\"><br>\nWhat do you think the most important features are that make a turkey a turkey?&nbsp;<\/div>","DefaultChoices":false,"QuestionType":"TE","Selector":"ML","DataVisibility":{"Private":false,"Hidden":false},"Configuration":{"QuestionDescriptionOption":"UseText","InputWidth":600,"InputHeight":60},"QuestionDescription":"What do you think the most important features are that make a turkey a turkey?\u00a0","Validation":{"Settings":{"ForceResponse":"ON","ForceResponseType":"ON","Type":"None"}},"GradingData":[],"Language":[],"NextChoiceId":4,"NextAnswerId":1,"SearchSource":{"AllowFreeResponse":"false"},"QuestionText_Unsafe":"What do you think the most important features are that make a bear a bear?&nbsp;","DataExportTag":"turkey_feature","QuestionID":"QID548"}},{"SurveyID":"SV_dhvYuvYTGrmaLWe","Element":"SQ","PrimaryAttribute":"QID549","SecondaryAttribute":"When you think about what makes a turkey a turkey, what explains why it has those features?\u00a0","TertiaryAttribute":null,"Payload":{"QuestionText":"<div style=\"text-align: center;\">When you think about what makes a turkey a turkey, what explains why it has those features?&nbsp;<\/div>","DefaultChoices":false,"QuestionType":"TE","Selector":"ML","DataVisibility":{"Private":false,"Hidden":false},"Configuration":{"QuestionDescriptionOption":"UseText","InputWidth":600,"InputHeight":60},"QuestionDescription":"When you think about what makes a turkey a turkey, what explains why it has those features?\u00a0","Validation":{"Settings":{"ForceResponse":"ON","ForceResponseType":"ON","Type":"None"}},"GradingData":[],"Language":[],"NextChoiceId":4,"NextAnswerId":1,"SearchSource":{"AllowFreeResponse":"false"},"QuestionText_Unsafe":"<div style=\"text-align: center;\">When you think about what makes a bear a bear, what explains why it has those features?&nbsp;<\/div>","DataExportTag":"turkey_explain","QuestionID":"QID549"}},{"SurveyID":"SV_dhvYuvYTGrmaLWe","Element":"STAT","PrimaryAttribute":"Survey Statistics","SecondaryAttribute":null,"TertiaryAttribute":null,"Payload":{"MobileCompatible":false,"ID":"Survey Statistics"}}]}