{"SurveyEntry":{"SurveyID":"SV_9WtrGzNqsisQ1aS","SurveyName":"experiment1","SurveyDescription":null,"SurveyOwnerID":"UR_5zn7kW6SIdLsmq1","SurveyBrandID":"cornell","DivisionID":null,"SurveyLanguage":"EN","SurveyActiveResponseSet":"RS_8kotgxzDvnAS6mG","SurveyStatus":"Active","SurveyStartDate":"0000-00-00 00:00:00","SurveyExpirationDate":"0000-00-00 00:00:00","SurveyCreationDate":"2025-07-23 16:07:43","CreatorID":"UR_5zn7kW6SIdLsmq1","LastModified":"2025-10-19 13:09:36","LastAccessed":"0000-00-00 00:00:00","LastActivated":"2025-08-03 16:26:24","Deleted":null},"SurveyElements":[{"SurveyID":"SV_9WtrGzNqsisQ1aS","Element":"BL","PrimaryAttribute":"Survey Blocks","SecondaryAttribute":null,"TertiaryAttribute":null,"Payload":{"1":{"Type":"Trash","Description":"Trash \/ Unused Questions","ID":"BL_6Yk8IBvDdQnz2O9","BlockElements":[],"Options":{"BlockLocking":"false","RandomizeQuestions":"false","BlockVisibility":"Expanded"}},"13":{"Type":"Standard","SubType":"","Description":"Consent form","ID":"BL_40VPKPxSse0ZNrL","BlockElements":[{"Type":"Question","QuestionID":"QID33","SkipLogic":[{"SkipLogicID":5,"ChoiceLocator":"q:\/\/QID33\/SelectableChoice\/2","Condition":"Selected","SkipToDestination":"ENDOFSURVEY","Locator":"q:\/\/QID33\/SelectableChoice\/2","SkipToDescription":"<p><strong><u><span style=\"... <strong>I do not consent, I do not ...<\/strong>  <strong>Is Selected<\/strong>","Description":"Condition: <strong title=\"I do not consent, I do not wish to participate\">I do not consent, I do not ...<\/strong> <strong>Is Selected<\/strong>. Skip To: <strong>End of Survey<\/strong>.","QuestionID":"QID33"}]},{"Type":"Page Break"},{"Type":"Question","QuestionID":"QID254"}],"Options":{"BlockLocking":"false","RandomizeQuestions":"false","BlockVisibility":"Collapsed"}},"73":{"Type":"Standard","SubType":"","Description":"Intro","ID":"BL_1QSD5MckWO5gdOC","BlockElements":[{"Type":"Question","QuestionID":"QID476"}],"Options":{"BlockLocking":"false","RandomizeQuestions":"false","BlockVisibility":"Collapsed"}},"74":{"Type":"Standard","SubType":"","Description":"bee","ID":"BL_a9pdyFY9iD3GuRU","BlockElements":[{"Type":"Question","QuestionID":"QID477"},{"Type":"Question","QuestionID":"QID478"}],"Options":{"BlockLocking":"false","RandomizeQuestions":"false","BlockVisibility":"Collapsed"}},"76":{"Type":"Standard","SubType":"","Description":"clock","ID":"BL_e5JgROxhNoF65OS","BlockElements":[{"Type":"Question","QuestionID":"QID501"},{"Type":"Question","QuestionID":"QID502"}],"Options":{"BlockLocking":false,"RandomizeQuestions":"false","BlockVisibility":"Expanded"}},"77":{"Type":"Standard","SubType":"","Description":"vulture","ID":"BL_cvkdnJQ71Hbh8fY","BlockElements":[{"Type":"Question","QuestionID":"QID479"},{"Type":"Question","QuestionID":"QID480"}],"Options":{"BlockLocking":"false","RandomizeQuestions":"false","BlockVisibility":"Collapsed"}},"78":{"Type":"Standard","SubType":"","Description":"skunk","ID":"BL_d6xoOga2asr1iU6","BlockElements":[{"Type":"Question","QuestionID":"QID489"},{"Type":"Question","QuestionID":"QID490"}],"Options":{"BlockLocking":"false","RandomizeQuestions":"false","BlockVisibility":"Collapsed"}},"79":{"Type":"Standard","SubType":"","Description":"raccoon","ID":"BL_23nrosxSLPBynzg","BlockElements":[{"Type":"Question","QuestionID":"QID491"},{"Type":"Question","QuestionID":"QID492"}],"Options":{"BlockLocking":"false","RandomizeQuestions":"false","BlockVisibility":"Expanded"}},"80":{"Type":"Standard","SubType":"","Description":"canopener","ID":"BL_5hIkqRZP9Nwp1Ma","BlockElements":[{"Type":"Question","QuestionID":"QID503"},{"Type":"Question","QuestionID":"QID504"}],"Options":{"BlockLocking":"false","RandomizeQuestions":"false","BlockVisibility":"Expanded"}},"81":{"Type":"Standard","SubType":"","Description":"carburetor","ID":"BL_1zSOBm26Cpapoge","BlockElements":[{"Type":"Question","QuestionID":"QID507"},{"Type":"Question","QuestionID":"QID508"}],"Options":{"BlockLocking":"false","RandomizeQuestions":"false","BlockVisibility":"Expanded"}},"82":{"Type":"Standard","SubType":"","Description":"abacus","ID":"BL_1ZmsSD0GmgpbH0y","BlockElements":[{"Type":"Question","QuestionID":"QID505"},{"Type":"Question","QuestionID":"QID506"}],"Options":{"BlockLocking":"false","RandomizeQuestions":"false","BlockVisibility":"Expanded"}},"83":{"Type":"Standard","SubType":"","Description":"DemographicswRace","ID":"BL_0Ur3JkT4OJBFntY","BlockElements":[{"Type":"Question","QuestionID":"QID1719910665"},{"Type":"Question","QuestionID":"QID1719910666"},{"Type":"Question","QuestionID":"QID1719910667"}],"Options":{"BlockLocking":false,"RandomizeQuestions":"false","BlockVisibility":"Expanded"}}}},{"SurveyID":"SV_9WtrGzNqsisQ1aS","Element":"FL","PrimaryAttribute":"Survey Flow","SecondaryAttribute":null,"TertiaryAttribute":null,"Payload":{"Type":"Root","FlowID":"FL_1","Flow":[{"Type":"Block","ID":"BL_40VPKPxSse0ZNrL","FlowID":"FL_2","Autofill":[]},{"Type":"Standard","ID":"BL_1QSD5MckWO5gdOC","FlowID":"FL_3","Autofill":[]},{"Type":"BlockRandomizer","FlowID":"FL_4","SubSet":1,"Flow":[{"Type":"EmbeddedData","FlowID":"FL_21","EmbeddedData":[{"Description":"Condition","Type":"Custom","Field":"Condition","VariableType":"String","DataVisibility":[],"AnalyzeText":false,"Value":"Biological"}]},{"Type":"EmbeddedData","FlowID":"FL_22","EmbeddedData":[{"Description":"Condition","Type":"Custom","Field":"Condition","VariableType":"String","DataVisibility":[],"AnalyzeText":false,"Value":"Artifact"}]}]},{"Type":"Branch","FlowID":"FL_5","Description":"New Branch","BranchLogic":{"0":{"0":{"LogicType":"EmbeddedField","LeftOperand":"Condition","Operator":"EqualTo","RightOperand":"Biological","_HiddenExpression":false,"Type":"Expression","Description":"<span class=\"ConjDesc\">If<\/span> <span class=\"LeftOpDesc\">Condition<\/span> <span class=\"OpDesc\">Is Equal to<\/span> <span class=\"RightOpDesc\"> Biological <\/span>"},"Type":"If"},"Type":"BooleanExpression"},"Flow":[{"Type":"BlockRandomizer","FlowID":"FL_16","SubSet":4,"Flow":[{"Type":"Standard","ID":"BL_23nrosxSLPBynzg","FlowID":"FL_17","Autofill":[]},{"Type":"Standard","ID":"BL_d6xoOga2asr1iU6","FlowID":"FL_18","Autofill":[]},{"Type":"Standard","ID":"BL_cvkdnJQ71Hbh8fY","FlowID":"FL_19","Autofill":[]},{"Type":"Standard","ID":"BL_a9pdyFY9iD3GuRU","FlowID":"FL_20","Autofill":[]}]}]},{"Type":"Branch","FlowID":"FL_6","Description":"New Branch","BranchLogic":{"0":{"0":{"LogicType":"EmbeddedField","LeftOperand":"Condition","Operator":"EqualTo","RightOperand":"Artifact","_HiddenExpression":false,"Type":"Expression","Description":"<span class=\"ConjDesc\">If<\/span> <span class=\"LeftOpDesc\">Condition<\/span> <span class=\"OpDesc\">Is Equal to<\/span> <span class=\"RightOpDesc\"> Artifact <\/span>"},"Type":"If"},"Type":"BooleanExpression"},"Flow":[{"Type":"BlockRandomizer","FlowID":"FL_11","SubSet":4,"EvenPresentation":true,"Flow":[{"Type":"Standard","ID":"BL_e5JgROxhNoF65OS","FlowID":"FL_12","Autofill":[]},{"Type":"Standard","ID":"BL_1ZmsSD0GmgpbH0y","FlowID":"FL_13","Autofill":[]},{"Type":"Standard","ID":"BL_5hIkqRZP9Nwp1Ma","FlowID":"FL_14","Autofill":[]},{"Type":"Standard","ID":"BL_1zSOBm26Cpapoge","FlowID":"FL_15","Autofill":[]}]}]},{"Type":"Standard","ID":"BL_0Ur3JkT4OJBFntY","FlowID":"FL_10","Autofill":[]},{"Type":"EndSurvey","FlowID":"FL_9","EndingType":"Advanced","Options":{"Advanced":"true","SurveyTermination":"Redirect","EOSRedirectURL":"https:\/\/app.prolific.co\/submissions\/complete?cc=843D0C17"}}],"Properties":{"Count":22}}},{"SurveyID":"SV_9WtrGzNqsisQ1aS","Element":"PL","PrimaryAttribute":"Preview Link","SecondaryAttribute":null,"TertiaryAttribute":null,"Payload":{"PreviewType":"Brand","PreviewID":"56cbf8d3-6673-4f41-b4e9-05ca41897d42"}},{"SurveyID":"SV_9WtrGzNqsisQ1aS","Element":"PROJ","PrimaryAttribute":"CORE","SecondaryAttribute":null,"TertiaryAttribute":"1.1.0","Payload":{"ProjectCategory":"CORE","SchemaVersion":"1.1.0"}},{"SurveyID":"SV_9WtrGzNqsisQ1aS","Element":"QC","PrimaryAttribute":"Survey Question Count","SecondaryAttribute":"519","TertiaryAttribute":null,"Payload":null},{"SurveyID":"SV_9WtrGzNqsisQ1aS","Element":"RS","PrimaryAttribute":"RS_8kotgxzDvnAS6mG","SecondaryAttribute":null,"TertiaryAttribute":null,"Payload":null},{"SurveyID":"SV_9WtrGzNqsisQ1aS","Element":"SCO","PrimaryAttribute":"Scoring","SecondaryAttribute":null,"TertiaryAttribute":null,"Payload":{"ScoringCategories":[],"ScoringCategoryGroups":[],"ScoringSummaryCategory":null,"ScoringSummaryAfterQuestions":0,"ScoringSummaryAfterSurvey":0,"DefaultScoringCategory":null,"AutoScoringCategory":null}},{"SurveyID":"SV_9WtrGzNqsisQ1aS","Element":"SO","PrimaryAttribute":"Survey Options","SecondaryAttribute":null,"TertiaryAttribute":null,"Payload":{"BackButton":"false","SaveAndContinue":"true","SurveyProtection":"PublicSurvey","BallotBoxStuffingPrevention":"false","NoIndex":"Yes","SecureResponseFiles":"true","SurveyExpiration":null,"SurveyTermination":"DefaultMessage","Header":"","Footer":"","ProgressBarDisplay":"None","PartialData":"+1 week","ValidationMessage":null,"PreviousButton":" \u2190 ","NextButton":" \u2192 ","SkinLibrary":"cornell","SkinType":"MQ","Skin":"skin1_update","NewScoring":1,"SurveyTitle":"Online Survey Software | Qualtrics Survey Solutions","EOSMessage":"","ShowExportTags":"false","CollectGeoLocation":"false","SurveyMetaDescription":"The most powerful, simple and trusted way to gather experience data. Start your journey to experience management and try a free account today.","PasswordProtection":"No","AnonymizeResponse":"No","Password":"","RefererCheck":"No","RefererURL":"http:\/\/","BallotBoxStuffingPreventionBehavior":null,"BallotBoxStuffingPreventionMessage":null,"BallotBoxStuffingPreventionMessageLibrary":null,"BallotBoxStuffingPreventionURL":null,"RecaptchaV3":"false","ConfirmStart":false,"AutoConfirmStart":false,"UseCustomSurveyLinkCompletedMessage":null,"SurveyLinkCompletedMessage":"","SurveyLinkCompletedMessageLibrary":"","ResponseSummary":"No","EOSMessageLibrary":"","EOSRedirectURL":"https:\/\/app.prolific.co\/submissions\/complete?cc=843D0C17","EmailThankYou":"false","ThankYouEmailMessageLibrary":null,"ThankYouEmailMessage":null,"ValidateMessage":"false","ValidationMessageLibrary":null,"InactiveSurvey":"DefaultMessage","PartialDataCloseAfter":"LastActivity","ActiveResponseSet":null,"InactiveMessageLibrary":"","InactiveMessage":"","AvailableLanguages":{"EN":[]},"PartialDeletion":null,"SurveyName":"experiment1","ProtectSelectionIds":true}},{"SurveyID":"SV_9WtrGzNqsisQ1aS","Element":"SQ","PrimaryAttribute":"QID1719910665","SecondaryAttribute":"Please indicate your sex.","TertiaryAttribute":null,"Payload":{"QuestionText":"Please indicate your sex.","QuestionType":"MC","Selector":"SAVR","SubSelector":"TX","DataVisibility":{"Private":false,"Hidden":false},"Configuration":{"QuestionDescriptionOption":"UseText"},"QuestionDescription":"Please indicate your sex.","Choices":{"1":{"Display":"Male"},"2":{"Display":"Female"},"3":{"Display":"Other \/ Prefer not to answer"}},"ChoiceOrder":[1,2,3],"Validation":{"Settings":{"ForceResponse":"ON","ForceResponseType":"ON"}},"RecodeValues":{"1":1,"2":2,"3":3},"Language":[],"NextChoiceId":4,"NextAnswerId":1,"QuestionText_Unsafe":"Please indicate your sex.","DataExportTag":"sex","QuestionID":"QID1719910665"}},{"SurveyID":"SV_9WtrGzNqsisQ1aS","Element":"SQ","PrimaryAttribute":"QID1719910666","SecondaryAttribute":"Please indicate your age (in years)","TertiaryAttribute":null,"Payload":{"QuestionText":"Please indicate your age (in years)","DefaultChoices":false,"QuestionType":"TE","Selector":"SL","DataVisibility":{"Private":false,"Hidden":false},"Configuration":{"QuestionDescriptionOption":"UseText","InputWidth":82,"InputHeight":29},"QuestionDescription":"Please indicate your age (in years)","Validation":{"Settings":{"ForceResponse":"OFF","Type":"None"}},"GradingData":[],"Language":[],"NextChoiceId":84,"NextAnswerId":1,"SearchSource":{"AllowFreeResponse":"false"},"QuestionText_Unsafe":"Please indicate your age (in years)","DataExportTag":"age","QuestionID":"QID1719910666"}},{"SurveyID":"SV_9WtrGzNqsisQ1aS","Element":"SQ","PrimaryAttribute":"QID1719910667","SecondaryAttribute":"What is your race\/ethnicity?","TertiaryAttribute":null,"Payload":{"QuestionText":"What is your race\/ethnicity?","QuestionType":"MC","Selector":"SAVR","SubSelector":"TX","DataVisibility":{"Private":false,"Hidden":false},"Configuration":{"QuestionDescriptionOption":"UseText"},"QuestionDescription":"What is your race\/ethnicity?","Choices":{"1":{"Display":"American Indian \/ Alaska Native"},"2":{"Display":"Asian \/ Asian-American"},"3":{"Display":"Black \/ African American"},"4":{"Display":"Native Hawaiian \/ Pacific Islander"},"5":{"Display":"White \/ European-American"},"6":{"Display":"Latino \/ Hispanic"},"7":{"Display":"Other \/ Prefer not to answer"}},"ChoiceOrder":[1,2,3,4,5,6,"7"],"Validation":{"Settings":{"ForceResponse":"ON","ForceResponseType":"ON"}},"Language":[],"NextChoiceId":8,"NextAnswerId":1,"QuestionText_Unsafe":"What is your race\/ethnicity?","DataExportTag":"race","QuestionID":"QID1719910667"}},{"SurveyID":"SV_9WtrGzNqsisQ1aS","Element":"SQ","PrimaryAttribute":"QID254","SecondaryAttribute":"Please enter your Prolific ID:","TertiaryAttribute":null,"Payload":{"QuestionText":"Please enter your Prolific ID:","DefaultChoices":false,"DataExportTag":"prolific_id","QuestionType":"TE","Selector":"SL","Configuration":{"QuestionDescriptionOption":"UseText","InputWidth":202,"InputHeight":29},"QuestionDescription":"Please enter your Prolific ID:","Validation":{"Settings":{"ForceResponse":"RequestResponse","ForceResponseType":"RequestResponse","Type":"None"}},"GradingData":[],"Language":[],"NextChoiceId":4,"NextAnswerId":1,"SearchSource":{"AllowFreeResponse":"false"},"QuestionID":"QID254","DataVisibility":{"Private":false,"Hidden":false}}},{"SurveyID":"SV_9WtrGzNqsisQ1aS","Element":"SQ","PrimaryAttribute":"QID33","SecondaryAttribute":"CONSENT FORM \u00a0 Thank you for agreeing to take part in this study. We appreciate your time and eff..","TertiaryAttribute":null,"Payload":{"QuestionText":"<p><strong><u><span style=\"font-family: Helvetica, sans-serif;\">CONSENT FORM<\/span><\/u><\/strong><\/p>\n\n<p><span style=\"font-size: 11.5pt; font-family: Helvetica, sans-serif;\">&nbsp;<\/span><\/p>\n\n<p><span style=\"font-family: Calibri, sans-serif;\">Thank you for agreeing to take part in this study. We appreciate your time and effort. In this study, we will present you with a fictional scenario, and then we will ask you to answer a brief series of questions about that scenario. The questions have no right or wrong answers-- we\u2019re just exploring features of human psychology in this research. You will be paid $0.70 for your time and efforts. We do not anticipate any risks from participating in this research.&nbsp;While you will not directly benefit from taking part in this research study, we hope society and the scientific community will benefit from the knowledge gained&nbsp;about human psychology and judgment.<\/span><\/p>\n\n<p><span style=\"font-family: Calibri, sans-serif;\">&nbsp;<\/span><\/p>\n\n<p><span style=\"font-family: Calibri, sans-serif;\">Your involvement should take about 5<strong><span style=\"font-family:&quot;Calibri&quot;,sans-serif;mso-ascii-theme-font:minor-latin;\nmso-hansi-theme-font:minor-latin;mso-bidi-theme-font:minor-latin\">&nbsp;<\/span><\/strong>minutes. Your participation is voluntary and you can stop at any time. If you consent to take part in this survey, please indicate so below, and then click the arrow to advance. If not, simply close your browser window.&nbsp;<\/span><\/p>\n\n<p><span style=\"font-family: Calibri, sans-serif;\">&nbsp;<\/span><\/p>\n\n<p><span style=\"font-family: Calibri, sans-serif;\">The research data will be collected anonymously. We will not ask you to provide any personally identifiable information (such as an email-address, name, etc.) and will not be able to link your response to you.&nbsp;We anticipate that your participation in this survey presents no greater risk than everyday use of the Internet.&nbsp;Of course, please note that there is always the possible risk of intrusion by outside agents (i.e. hacking) whenever information shared over the Internet. In order to keep your identifying information and data from this study separate, we will host the survey on an unaffiliated platform, Qualtrics. Thus, Prolific will&nbsp;<strong>not<\/strong>&nbsp;have access to the data you provide us. Additionally, we will not ask for directly or indirectly identifiable information in the survey.&nbsp;<\/span><\/p>\n\n<p><span style=\"font-family: Calibri, sans-serif;\">&nbsp;<\/span><\/p>\n\n<p><span style=\"font-family: Calibri, sans-serif;\">If you have any questions about the research study, please contact Shaun Nichols (<\/span><span style=\"font-family:&quot;Calibri&quot;,sans-serif;mso-ascii-theme-font:minor-latin;\nmso-hansi-theme-font:minor-latin;mso-bidi-theme-font:minor-latin\">sbn44@cornell.edu<\/span><span style=\"font-family: Calibri, sans-serif;\">) at Cornell University. If you have any questions or concerns regarding your rights as a subject in this study, you may contact the Institutional Review Board (IRB) for Human Participants at 607-255-5138 or access their website at&nbsp;http:\/\/www.irb.cornell.edu. You may also report your concerns or complaints anonymously through Ethicspoint online at&nbsp;www.hotline.cornell.edu&nbsp;or by calling toll free at 1-866-293-3077. Ethicspoint is an independent organization that serves as a liaison between the University and the person bringing the complaint so that anonymity can be ensured.<\/span><\/p>\n\n<p><span style=\"font-family: Calibri, sans-serif;\">&nbsp;<\/span><\/p><p><span style=\"font-family: Calibri, sans-serif;\">Taking part in this study is voluntary. You can stop at any time. Withdrawal or refusal to participate will not result in any penalty. You do not waive any legal rights or release any agent from liability for negligence by consenting to participate.&nbsp;<\/span><\/p><p><span style=\"font-family: Calibri, sans-serif;\"><br><\/span><\/p><p><span style=\"font-family: Calibri, sans-serif;\">If you consent to take part in this survey, please indicate so below:<\/span><\/p>","DefaultChoices":false,"DataExportTag":"consent","QuestionType":"MC","Selector":"SAVR","SubSelector":"TX","DataVisibility":{"Private":false,"Hidden":false},"Configuration":{"QuestionDescriptionOption":"UseText"},"QuestionDescription":"CONSENT FORM \u00a0 Thank you for agreeing to take part in this study. We appreciate your time and eff...","Choices":{"1":{"Display":"I consent, begin the study"},"2":{"Display":"I do not consent, I do not wish to participate"}},"ChoiceOrder":[1,2],"Validation":{"Settings":{"ForceResponse":"ON","ForceResponseType":"ON","Type":"None"}},"GradingData":[],"Language":[],"NextChoiceId":3,"NextAnswerId":1,"QuestionID":"QID33"}},{"SurveyID":"SV_9WtrGzNqsisQ1aS","Element":"SQ","PrimaryAttribute":"QID476","SecondaryAttribute":"In this study, you will see pictures of different things and asked about their features. When you...","TertiaryAttribute":null,"Payload":{"QuestionText":"<div style=\"text-align: center;\">In this study, you will see pictures of different things and asked about their features. When you are ready to begin, please click next.&nbsp;<\/div>","DefaultChoices":false,"DataExportTag":"intro","QuestionType":"DB","Selector":"TB","DataVisibility":{"Private":false,"Hidden":false},"Configuration":{"QuestionDescriptionOption":"UseText"},"QuestionDescription":"In this study, you will see pictures of different things and asked about their features. When you...","ChoiceOrder":[],"Validation":{"Settings":{"Type":"None"}},"GradingData":[],"Language":[],"NextChoiceId":4,"NextAnswerId":1,"QuestionID":"QID476"}},{"SurveyID":"SV_9WtrGzNqsisQ1aS","Element":"SQ","PrimaryAttribute":"QID477","SecondaryAttribute":"What do you think the most important features are that make a bee a bee?","TertiaryAttribute":null,"Payload":{"QuestionText":"<div style=\"text-align: center;\"><img style=\"width: 716px; height: 578px;\" src=\"https:\/\/stanforduniversity.qualtrics.com\/CP\/Graphic.php?IM=IM_88Flh9OX58vcbgG\"><br>\n<br>\nWhat do you think the most important features are that make a bee a bee?\n<\/div>","DefaultChoices":false,"DataExportTag":"bee_feature","QuestionType":"TE","Selector":"ML","DataVisibility":{"Private":false,"Hidden":false},"Configuration":{"QuestionDescriptionOption":"UseText"},"QuestionDescription":"What do you think the most important features are that make a bee a bee?","Validation":{"Settings":{"ForceResponse":"ON","ForceResponseType":"ON","Type":"None"}},"GradingData":[],"Language":[],"NextChoiceId":4,"NextAnswerId":1,"SearchSource":{"AllowFreeResponse":"false"},"QuestionID":"QID477"}},{"SurveyID":"SV_9WtrGzNqsisQ1aS","Element":"SQ","PrimaryAttribute":"QID478","SecondaryAttribute":"When you think about what makes a bee a bee, what explains why it has those features?","TertiaryAttribute":null,"Payload":{"QuestionText":"<div style=\"text-align: center;\">When you think about what makes a bee a bee, what explains why it has those features?<\/div>","DefaultChoices":false,"DataExportTag":"bee_explain","QuestionType":"TE","Selector":"ML","DataVisibility":{"Private":false,"Hidden":false},"Configuration":{"QuestionDescriptionOption":"UseText"},"QuestionDescription":"When you think about what makes a bee a bee, what explains why it has those features?","Validation":{"Settings":{"ForceResponse":"ON","ForceResponseType":"ON","Type":"None"}},"GradingData":[],"Language":[],"NextChoiceId":4,"NextAnswerId":1,"SearchSource":{"AllowFreeResponse":"false"},"QuestionID":"QID478"}},{"SurveyID":"SV_9WtrGzNqsisQ1aS","Element":"SQ","PrimaryAttribute":"QID479","SecondaryAttribute":"What do you think the most important features are that make a vulture a vulture?","TertiaryAttribute":null,"Payload":{"QuestionText":"<div style=\"text-align: center;\"><img style=\"width: 747px; height: 898px;\" src=\"https:\/\/stanforduniversity.qualtrics.com\/CP\/Graphic.php?IM=IM_9B6GXfYfAST7PIq\"><br>\n<br>\nWhat do you think the most important features are that make a vulture a vulture?\n<div>","DefaultChoices":false,"DataExportTag":"vulture_feature","QuestionType":"TE","Selector":"ML","DataVisibility":{"Private":false,"Hidden":false},"Configuration":{"QuestionDescriptionOption":"UseText"},"QuestionDescription":"What do you think the most important features are that make a vulture a vulture?","Validation":{"Settings":{"ForceResponse":"ON","ForceResponseType":"ON","Type":"None"}},"GradingData":[],"Language":[],"NextChoiceId":4,"NextAnswerId":1,"SearchSource":{"AllowFreeResponse":"false"},"QuestionID":"QID479"}},{"SurveyID":"SV_9WtrGzNqsisQ1aS","Element":"SQ","PrimaryAttribute":"QID480","SecondaryAttribute":"When you think about what makes a vulture a vulture, what explains why it has those features?","TertiaryAttribute":null,"Payload":{"QuestionText":"<div style=\"text-align: center;\">When you think about what makes a vulture a vulture, what explains why it has those features?<\/div>","DefaultChoices":false,"DataExportTag":"vulture_explain","QuestionType":"TE","Selector":"ML","DataVisibility":{"Private":false,"Hidden":false},"Configuration":{"QuestionDescriptionOption":"UseText"},"QuestionDescription":"When you think about what makes a vulture a vulture, what explains why it has those features?","Validation":{"Settings":{"ForceResponse":"ON","ForceResponseType":"ON","Type":"None"}},"GradingData":[],"Language":[],"NextChoiceId":4,"NextAnswerId":1,"SearchSource":{"AllowFreeResponse":"false"},"QuestionID":"QID480"}},{"SurveyID":"SV_9WtrGzNqsisQ1aS","Element":"SQ","PrimaryAttribute":"QID489","SecondaryAttribute":"What do you think the most important features are that make a skunk a skunk?","TertiaryAttribute":null,"Payload":{"QuestionText":"<div style=\"text-align: center;\"><img style=\"width: 618px; height: 462px;\" src=\"https:\/\/stanforduniversity.qualtrics.com\/CP\/Graphic.php?IM=IM_2rdVNbJTJ3B2r66\"><br>\nWhat do you think the most important features are that make a skunk a skunk?\n<\/div>","DefaultChoices":false,"DataExportTag":"skunk_feature","QuestionType":"TE","Selector":"ML","DataVisibility":{"Private":false,"Hidden":false},"Configuration":{"QuestionDescriptionOption":"UseText"},"QuestionDescription":"What do you think the most important features are that make a skunk a skunk?","Validation":{"Settings":{"ForceResponse":"ON","ForceResponseType":"ON","Type":"None"}},"GradingData":[],"Language":[],"NextChoiceId":4,"NextAnswerId":1,"SearchSource":{"AllowFreeResponse":"false"},"QuestionID":"QID489"}},{"SurveyID":"SV_9WtrGzNqsisQ1aS","Element":"SQ","PrimaryAttribute":"QID490","SecondaryAttribute":"When you think about what makes a skunk a skunk, what explains why it has those features?","TertiaryAttribute":null,"Payload":{"QuestionText":"<div style=\"text-align: center;\">When you think about what makes a skunk a skunk, what explains why it has those features?<\/div>","DefaultChoices":false,"DataExportTag":"skunk_explain","QuestionType":"TE","Selector":"ML","DataVisibility":{"Private":false,"Hidden":false},"Configuration":{"QuestionDescriptionOption":"UseText"},"QuestionDescription":"When you think about what makes a skunk a skunk, what explains why it has those features?","Validation":{"Settings":{"ForceResponse":"ON","ForceResponseType":"ON","Type":"None"}},"GradingData":[],"Language":[],"NextChoiceId":4,"NextAnswerId":1,"SearchSource":{"AllowFreeResponse":"false"},"QuestionID":"QID490"}},{"SurveyID":"SV_9WtrGzNqsisQ1aS","Element":"SQ","PrimaryAttribute":"QID491","SecondaryAttribute":"What do you think the most important features are that make a raccoon a raccoon?","TertiaryAttribute":null,"Payload":{"QuestionText":"<div style=\"text-align: center;\"><img src=\"https:\/\/stanforduniversity.qualtrics.com\/CP\/Graphic.php?IM=IM_b8yMjJAfIMI53dY\"><br>\n<br>\nWhat do you think the most important features are that make a raccoon a raccoon?\n<\/div>","DefaultChoices":false,"DataExportTag":"raccoon_feature","QuestionType":"TE","Selector":"ML","DataVisibility":{"Private":false,"Hidden":false},"Configuration":{"QuestionDescriptionOption":"UseText"},"QuestionDescription":"What do you think the most important features are that make a raccoon a raccoon?","Validation":{"Settings":{"ForceResponse":"ON","ForceResponseType":"ON","Type":"None"}},"GradingData":[],"Language":[],"NextChoiceId":4,"NextAnswerId":1,"SearchSource":{"AllowFreeResponse":"false"},"QuestionID":"QID491"}},{"SurveyID":"SV_9WtrGzNqsisQ1aS","Element":"SQ","PrimaryAttribute":"QID492","SecondaryAttribute":"When you think about what makes a raccoon a raccoon, what explains why it has those features?","TertiaryAttribute":null,"Payload":{"QuestionText":"<div style=\"text-align: center;\">When you think about what makes a raccoon a raccoon, what explains why it has those features?<\/div>","DefaultChoices":false,"DataExportTag":"raccoon_explain","QuestionType":"TE","Selector":"ML","DataVisibility":{"Private":false,"Hidden":false},"Configuration":{"QuestionDescriptionOption":"UseText"},"QuestionDescription":"When you think about what makes a raccoon a raccoon, what explains why it has those features?","Validation":{"Settings":{"ForceResponse":"ON","ForceResponseType":"ON","Type":"None"}},"GradingData":[],"Language":[],"NextChoiceId":4,"NextAnswerId":1,"SearchSource":{"AllowFreeResponse":"false"},"QuestionID":"QID492"}},{"SurveyID":"SV_9WtrGzNqsisQ1aS","Element":"SQ","PrimaryAttribute":"QID501","SecondaryAttribute":"What do you think the most important features are that make a clock a clock?","TertiaryAttribute":null,"Payload":{"QuestionText":"<div style=\"text-align: center;\"><img style=\"width: 470px; height: 476px;\" src=\"https:\/\/stanforduniversity.qualtrics.com\/CP\/Graphic.php?IM=IM_3U9BSiGY24xVFaK\"><br>\nWhat do you think the most important features are that make a clock a clock?<\/div>","DefaultChoices":false,"QuestionType":"TE","Selector":"ML","DataVisibility":{"Private":false,"Hidden":false},"Configuration":{"QuestionDescriptionOption":"UseText"},"QuestionDescription":"What do you think the most important features are that make a clock a clock?","Validation":{"Settings":{"ForceResponse":"ON","ForceResponseType":"ON","Type":"None"}},"GradingData":[],"Language":[],"NextChoiceId":4,"NextAnswerId":1,"SearchSource":{"AllowFreeResponse":"false"},"QuestionText_Unsafe":"<img style=\"width: 716px; height: 578px;\" src=\"https:\/\/stanforduniversity.qualtrics.com\/CP\/Graphic.php?IM=IM_88Flh9OX58vcbgG\"><br>\n<br>\nWhat do you think the most important features are that make a bee a bee?","DataExportTag":"clock_feature","QuestionID":"QID501"}},{"SurveyID":"SV_9WtrGzNqsisQ1aS","Element":"SQ","PrimaryAttribute":"QID502","SecondaryAttribute":"When you think about what makes a clock a clock, what explains why it has those features?","TertiaryAttribute":null,"Payload":{"QuestionText":"<div style=\"text-align: center;\">When you think about what makes a clock a clock, what explains why it has those features?<\/div>","DefaultChoices":false,"QuestionType":"TE","Selector":"ML","DataVisibility":{"Private":false,"Hidden":false},"Configuration":{"QuestionDescriptionOption":"UseText"},"QuestionDescription":"When you think about what makes a clock a clock, what explains why it has those features?","Validation":{"Settings":{"ForceResponse":"ON","ForceResponseType":"ON","Type":"None"}},"GradingData":[],"Language":[],"NextChoiceId":4,"NextAnswerId":1,"SearchSource":{"AllowFreeResponse":"false"},"QuestionText_Unsafe":"When you think about what makes a bee a bee, what explains why it has those features?","DataExportTag":"clock_explain","QuestionID":"QID502"}},{"SurveyID":"SV_9WtrGzNqsisQ1aS","Element":"SQ","PrimaryAttribute":"QID503","SecondaryAttribute":"What do you think the most important features are that make a can opener a can opener?","TertiaryAttribute":null,"Payload":{"QuestionText":"<div style=\"text-align: center;\"><img style=\"width: 748px; height: 404px;\" src=\"https:\/\/stanforduniversity.qualtrics.com\/CP\/Graphic.php?IM=IM_ehRzPOKaEZTHm2W\"><br>\n<br>\nWhat do you think the most important features are that make a can opener a can opener?\n<\/div>","DefaultChoices":false,"QuestionType":"TE","Selector":"ML","DataVisibility":{"Private":false,"Hidden":false},"Configuration":{"QuestionDescriptionOption":"UseText"},"QuestionDescription":"What do you think the most important features are that make a can opener a can opener?","Validation":{"Settings":{"ForceResponse":"ON","ForceResponseType":"ON","Type":"None"}},"GradingData":[],"Language":[],"NextChoiceId":4,"NextAnswerId":1,"SearchSource":{"AllowFreeResponse":"false"},"QuestionText_Unsafe":"<img style=\"width: 747px; height: 898px;\" src=\"https:\/\/stanforduniversity.qualtrics.com\/CP\/Graphic.php?IM=IM_9B6GXfYfAST7PIq\"><br>\n<br>\nWhat do you think the most important features are that make a vulture a vulture?","DataExportTag":"canopener_feature","QuestionID":"QID503"}},{"SurveyID":"SV_9WtrGzNqsisQ1aS","Element":"SQ","PrimaryAttribute":"QID504","SecondaryAttribute":"When you think about what makes a can opener a can opener, what explains why it has those features?","TertiaryAttribute":null,"Payload":{"QuestionText":"<div style=\"text-align: center;\">When you think about what makes a can opener a can opener, what explains why it has those features?<\/div>","DefaultChoices":false,"QuestionType":"TE","Selector":"ML","DataVisibility":{"Private":false,"Hidden":false},"Configuration":{"QuestionDescriptionOption":"UseText"},"QuestionDescription":"When you think about what makes a can opener a can opener, what explains why it has those features?","Validation":{"Settings":{"ForceResponse":"ON","ForceResponseType":"ON","Type":"None"}},"GradingData":[],"Language":[],"NextChoiceId":4,"NextAnswerId":1,"SearchSource":{"AllowFreeResponse":"false"},"QuestionText_Unsafe":"When you think about what makes a vulture a vulture, what explains why it has those features?","DataExportTag":"canopener_explain","QuestionID":"QID504"}},{"SurveyID":"SV_9WtrGzNqsisQ1aS","Element":"SQ","PrimaryAttribute":"QID505","SecondaryAttribute":"What do you think the most important features are that make an abacus an abacus?","TertiaryAttribute":null,"Payload":{"QuestionText":"<div style=\"text-align: center;\"><img style=\"width: 500px; height: 504px;\" src=\"https:\/\/stanforduniversity.qualtrics.com\/CP\/Graphic.php?IM=IM_efy53EJmPI4a9dc\"><br>\nWhat do you think the most important features are that make an abacus an abacus?\n<\/div>","DefaultChoices":false,"QuestionType":"TE","Selector":"ML","DataVisibility":{"Private":false,"Hidden":false},"Configuration":{"QuestionDescriptionOption":"UseText"},"QuestionDescription":"What do you think the most important features are that make an abacus an abacus?","Validation":{"Settings":{"ForceResponse":"ON","ForceResponseType":"ON","Type":"None"}},"GradingData":[],"Language":[],"NextChoiceId":4,"NextAnswerId":1,"SearchSource":{"AllowFreeResponse":"false"},"QuestionText_Unsafe":"<img style=\"width: 618px; height: 462px;\" src=\"https:\/\/stanforduniversity.qualtrics.com\/CP\/Graphic.php?IM=IM_2rdVNbJTJ3B2r66\"><br>\nWhat do you think the most important features are that make a skunk a skunk?","DataExportTag":"abacus_feature","QuestionID":"QID505"}},{"SurveyID":"SV_9WtrGzNqsisQ1aS","Element":"SQ","PrimaryAttribute":"QID506","SecondaryAttribute":"When you think about what makes an abacus an abacus, what explains why it has those features?","TertiaryAttribute":null,"Payload":{"QuestionText":"<div style=\"text-align: center;\">When you think about what makes an abacus an abacus, what explains why it has those features?<\/div>","DefaultChoices":false,"QuestionType":"TE","Selector":"ML","DataVisibility":{"Private":false,"Hidden":false},"Configuration":{"QuestionDescriptionOption":"UseText"},"QuestionDescription":"When you think about what makes an abacus an abacus, what explains why it has those features?","Validation":{"Settings":{"ForceResponse":"ON","ForceResponseType":"ON","Type":"None"}},"GradingData":[],"Language":[],"NextChoiceId":4,"NextAnswerId":1,"SearchSource":{"AllowFreeResponse":"false"},"QuestionText_Unsafe":"When you think about what makes a skunk a skunk, what explains why it has those features?","DataExportTag":"abacus_explain","QuestionID":"QID506"}},{"SurveyID":"SV_9WtrGzNqsisQ1aS","Element":"SQ","PrimaryAttribute":"QID507","SecondaryAttribute":"What do you think the most important features are that make a carburetor a carburetor?","TertiaryAttribute":null,"Payload":{"QuestionText":"<div style=\"text-align: center;\"><img style=\"width: 732px; height: 576px;\" src=\"https:\/\/stanforduniversity.qualtrics.com\/CP\/Graphic.php?IM=IM_8iv2OTfUVH7VDyC\"><br>\n<br>\nWhat do you think the most important features are that make a carburetor a carburetor?\n<\/div>","DefaultChoices":false,"QuestionType":"TE","Selector":"ML","DataVisibility":{"Private":false,"Hidden":false},"Configuration":{"QuestionDescriptionOption":"UseText"},"QuestionDescription":"What do you think the most important features are that make a carburetor a carburetor?","Validation":{"Settings":{"ForceResponse":"ON","ForceResponseType":"ON","Type":"None"}},"GradingData":[],"Language":[],"NextChoiceId":4,"NextAnswerId":1,"SearchSource":{"AllowFreeResponse":"false"},"QuestionText_Unsafe":"<img src=\"https:\/\/stanforduniversity.qualtrics.com\/CP\/Graphic.php?IM=IM_b8yMjJAfIMI53dY\" \/><br \/>\n<br \/>\nWhat do you think the most important features are that make a raccoon a raccoon?","DataExportTag":"carburetor_feature","QuestionID":"QID507"}},{"SurveyID":"SV_9WtrGzNqsisQ1aS","Element":"SQ","PrimaryAttribute":"QID508","SecondaryAttribute":"When you think about what makes a carburetor a carburetor, what explains why it has those features?","TertiaryAttribute":null,"Payload":{"QuestionText":"<div style=\"text-align: center;\">When you think about what makes a carburetor a carburetor, what explains why it has those features?<\/div>","DefaultChoices":false,"QuestionType":"TE","Selector":"ML","DataVisibility":{"Private":false,"Hidden":false},"Configuration":{"QuestionDescriptionOption":"UseText"},"QuestionDescription":"When you think about what makes a carburetor a carburetor, what explains why it has those features?","Validation":{"Settings":{"ForceResponse":"ON","ForceResponseType":"ON","Type":"None"}},"GradingData":[],"Language":[],"NextChoiceId":4,"NextAnswerId":1,"SearchSource":{"AllowFreeResponse":"false"},"QuestionText_Unsafe":"When you think about what makes a raccoon a raccoon, what explains why it has those features?","DataExportTag":"carburetor_explain","QuestionID":"QID508"}},{"SurveyID":"SV_9WtrGzNqsisQ1aS","Element":"STAT","PrimaryAttribute":"Survey Statistics","SecondaryAttribute":null,"TertiaryAttribute":null,"Payload":{"MobileCompatible":false,"ID":"Survey Statistics"}}]}